
Microsoft Visual Studio Solution File, Format Version 12.00
# Visual Studio Version 17
VisualStudioVersion = 17.5.002.0
MinimumVisualStudioVersion = 10.0.40219.1
Project("{9A19103F-16F7-4668-BE54-9A1E7A4F7556}") = "MyStop.Forms", "MyStop\MyStop.Forms.csproj", "{C1E56556-CF37-43B4-B4C2-D30E8794627D}"
EndProject
Project("{9A19103F-16F7-4668-BE54-9A1E7A4F7556}") = "MyStop.Common", "MyStop.Common\MyStop.Common.csproj", "{0B6FFB32-272F-4D68-BA3C-E3C413BB504D}"
EndProject
Project("{9A19103F-16F7-4668-BE54-9A1E7A4F7556}") = "MyStop.Forms.Android", "MyStop.Droid\MyStop.Forms.Android.csproj", "{AB6F9AB0-A6F9-4619-8FC8-DEB44D22E8AE}"
EndProject
Project("{9A19103F-16F7-4668-BE54-9A1E7A4F7556}") = "MyStop.Forms.iOS", "MyStop.iOS\MyStop.Forms.iOS.csproj", "{5CE6C69D-C65F-46D9-B434-E9C8FE345838}"
EndProject
Global
	GlobalSection(SolutionConfigurationPlatforms) = preSolution
		Debug|Any CPU = Debug|Any CPU
		Release|Any CPU = Release|Any CPU
	EndGlobalSection
	GlobalSection(ProjectConfigurationPlatforms) = postSolution
		{C1E56556-CF37-43B4-B4C2-D30E8794627D}.Debug|Any CPU.ActiveCfg = Debug|Any CPU
		{C1E56556-CF37-43B4-B4C2-D30E8794627D}.Debug|Any CPU.Build.0 = Debug|Any CPU
		{C1E56556-CF37-43B4-B4C2-D30E8794627D}.Release|Any CPU.ActiveCfg = Release|Any CPU
		{C1E56556-CF37-43B4-B4C2-D30E8794627D}.Release|Any CPU.Build.0 = Release|Any CPU
		{0B6FFB32-272F-4D68-BA3C-E3C413BB504D}.Debug|Any CPU.ActiveCfg = Debug|Any CPU
		{0B6FFB32-272F-4D68-BA3C-E3C413BB504D}.Debug|Any CPU.Build.0 = Debug|Any CPU
		{0B6FFB32-272F-4D68-BA3C-E3C413BB504D}.Release|Any CPU.ActiveCfg = Release|Any CPU
		{0B6FFB32-272F-4D68-BA3C-E3C413BB504D}.Release|Any CPU.Build.0 = Release|Any CPU
		{AB6F9AB0-A6F9-4619-8FC8-DEB44D22E8AE}.Debug|Any CPU.ActiveCfg = Debug|Any CPU
		{AB6F9AB0-A6F9-4619-8FC8-DEB44D22E8AE}.Debug|Any CPU.Build.0 = Debug|Any CPU
		{AB6F9AB0-A6F9-4619-8FC8-DEB44D22E8AE}.Release|Any CPU.ActiveCfg = Release|Any CPU
		{AB6F9AB0-A6F9-4619-8FC8-DEB44D22E8AE}.Release|Any CPU.Build.0 = Release|Any CPU
		{5CE6C69D-C65F-46D9-B434-E9C8FE345838}.Debug|Any CPU.ActiveCfg = Debug|Any CPU
		{5CE6C69D-C65F-46D9-B434-E9C8FE345838}.Debug|Any CPU.Build.0 = Debug|Any CPU
		{5CE6C69D-C65F-46D9-B434-E9C8FE345838}.Release|Any CPU.ActiveCfg = Release|Any CPU
		{5CE6C69D-C65F-46D9-B434-E9C8FE345838}.Release|Any CPU.Build.0 = Release|Any CPU
	EndGlobalSection
	GlobalSection(SolutionProperties) = preSolution
		HideSolutionNode = FALSE
	EndGlobalSection
	GlobalSection(ExtensibilityGlobals) = postSolution
		SolutionGuid = {17EC020D-15AE-4871-8E24-647CFB257594}
	EndGlobalSection
EndGlobal
