
Microsoft Visual Studio Solution File, Format Version 12.00
# Visual Studio Version 17
VisualStudioVersion = 17.10.35027.167
MinimumVisualStudioVersion = 10.0.40219.1
Project("{9A19103F-16F7-4668-BE54-9A1E7A4F7556}") = "MyStop.Forms", "MyStop\MyStop.Forms.csproj", "{BE243CF3-B20F-420C-90BC-78655F8573FF}"
EndProject
Project("{FAE04EC0-301F-11D3-BF4B-00C04F79EFBC}") = "MyStop.Forms.Android", "MyStop.Droid\MyStop.Forms.Android.csproj", "{D0A61D30-2CED-4A10-99A0-CD9CDB6D5FBC}"
EndProject
Project("{9A19103F-16F7-4668-BE54-9A1E7A4F7556}") = "MyStop.Common", "MyStop.Common\MyStop.Common.csproj", "{94BEB249-66B8-4C84-AE78-C34BE3FA094D}"
EndProject
Project("{2150E333-8FDC-42A3-9474-1A3956D46DE8}") = "Xamarin (Legacy)", "Xamarin (Legacy)", "{94E6F794-49E6-426F-B448-1E92A01C23BE}"
EndProject
Project("{2150E333-8FDC-42A3-9474-1A3956D46DE8}") = ".NET MAUI", ".NET MAUI", "{8528ED20-DA06-4235-938C-6E7F0904B7C5}"
EndProject
Project("{9A19103F-16F7-4668-BE54-9A1E7A4F7556}") = "MyStop.MauiVersion", "MyStop.MauiVersion\MyStop.MauiVersion\MyStop.MauiVersion.csproj", "{E6EFB644-E20D-463E-81CA-3D6323710435}"
EndProject
Project("{2150E333-8FDC-42A3-9474-1A3956D46DE8}") = "Avalonia Version", "Avalonia Version", "{57B1E228-EBD6-4580-B013-7698050F8A58}"
EndProject
Project("{9A19103F-16F7-4668-BE54-9A1E7A4F7556}") = "MyStop.AvaloniaVersion", "MyStop.AvaloniaVersion\MyStop.AvaloniaVersion.csproj", "{849010F0-0314-4BBF-B75F-24036DABB596}"
EndProject
Project("{9A19103F-16F7-4668-BE54-9A1E7A4F7556}") = "MyStop.AvaloniaVersion.Android", "MyStop.AvaloniaVersion.Android\MyStop.AvaloniaVersion.Android.csproj", "{34EB1793-B61F-4A28-B64D-B7575A78923A}"
EndProject
Project("{2150E333-8FDC-42A3-9474-1A3956D46DE8}") = "Meadow Version", "Meadow Version", "{62EB1068-EDAF-458F-AE41-4558AC7607A5}"
EndProject
Project("{9A19103F-16F7-4668-BE54-9A1E7A4F7556}") = "MyStop.MeadowVersion.Core", "MyStop.MeadowVersion.Core\MyStop.MeadowVersion.Core.csproj", "{770C2CB9-4E45-4521-9009-3703B5B39721}"
EndProject
Project("{9A19103F-16F7-4668-BE54-9A1E7A4F7556}") = "MyStop.MeadowVersion.Desktop", "MyStop.MeadowVersion.Desktop\MyStop.MeadowVersion.Desktop.csproj", "{AEBF89A6-2187-451C-86F3-58A00162C316}"
EndProject
Project("{9A19103F-16F7-4668-BE54-9A1E7A4F7556}") = "MyStop.MeadowVersion.F7", "MyStop.MeadowVersion.F7\MyStop.MeadowVersion.F7.csproj", "{C3AED2D0-D99E-4F1A-A0AD-63CB9E2E52C4}"
EndProject
Project("{9A19103F-16F7-4668-BE54-9A1E7A4F7556}") = "MyStop.MeadowVersion.RPi", "MyStop.MeadowVersion.RPi\MyStop.MeadowVersion.RPi.csproj", "{6552F8A4-ABA8-43B7-BAAB-1CF3E59C6B16}"
EndProject
Global
	GlobalSection(SolutionConfigurationPlatforms) = preSolution
		Ad-Hoc|Any CPU = Ad-Hoc|Any CPU
		Ad-Hoc|ARM = Ad-Hoc|ARM
		Ad-Hoc|iPhone = Ad-Hoc|iPhone
		Ad-Hoc|iPhoneSimulator = Ad-Hoc|iPhoneSimulator
		Ad-Hoc|Mixed Platforms = Ad-Hoc|Mixed Platforms
		Ad-Hoc|x64 = Ad-Hoc|x64
		Ad-Hoc|x86 = Ad-Hoc|x86
		AppStore|Any CPU = AppStore|Any CPU
		AppStore|ARM = AppStore|ARM
		AppStore|iPhone = AppStore|iPhone
		AppStore|iPhoneSimulator = AppStore|iPhoneSimulator
		AppStore|Mixed Platforms = AppStore|Mixed Platforms
		AppStore|x64 = AppStore|x64
		AppStore|x86 = AppStore|x86
		Debug|Any CPU = Debug|Any CPU
		Debug|ARM = Debug|ARM
		Debug|iPhone = Debug|iPhone
		Debug|iPhoneSimulator = Debug|iPhoneSimulator
		Debug|Mixed Platforms = Debug|Mixed Platforms
		Debug|x64 = Debug|x64
		Debug|x86 = Debug|x86
		Release|Any CPU = Release|Any CPU
		Release|ARM = Release|ARM
		Release|iPhone = Release|iPhone
		Release|iPhoneSimulator = Release|iPhoneSimulator
		Release|Mixed Platforms = Release|Mixed Platforms
		Release|x64 = Release|x64
		Release|x86 = Release|x86
	EndGlobalSection
	GlobalSection(ProjectConfigurationPlatforms) = postSolution
		{BE243CF3-B20F-420C-90BC-78655F8573FF}.Ad-Hoc|Any CPU.ActiveCfg = Release|Any CPU
		{BE243CF3-B20F-420C-90BC-78655F8573FF}.Ad-Hoc|Any CPU.Build.0 = Release|Any CPU
		{BE243CF3-B20F-420C-90BC-78655F8573FF}.Ad-Hoc|ARM.ActiveCfg = Release|Any CPU
		{BE243CF3-B20F-420C-90BC-78655F8573FF}.Ad-Hoc|ARM.Build.0 = Release|Any CPU
		{BE243CF3-B20F-420C-90BC-78655F8573FF}.Ad-Hoc|iPhone.ActiveCfg = Release|Any CPU
		{BE243CF3-B20F-420C-90BC-78655F8573FF}.Ad-Hoc|iPhone.Build.0 = Release|Any CPU
		{BE243CF3-B20F-420C-90BC-78655F8573FF}.Ad-Hoc|iPhoneSimulator.ActiveCfg = Release|Any CPU
		{BE243CF3-B20F-420C-90BC-78655F8573FF}.Ad-Hoc|iPhoneSimulator.Build.0 = Release|Any CPU
		{BE243CF3-B20F-420C-90BC-78655F8573FF}.Ad-Hoc|Mixed Platforms.ActiveCfg = Release|Any CPU
		{BE243CF3-B20F-420C-90BC-78655F8573FF}.Ad-Hoc|Mixed Platforms.Build.0 = Release|Any CPU
		{BE243CF3-B20F-420C-90BC-78655F8573FF}.Ad-Hoc|x64.ActiveCfg = Release|Any CPU
		{BE243CF3-B20F-420C-90BC-78655F8573FF}.Ad-Hoc|x64.Build.0 = Release|Any CPU
		{BE243CF3-B20F-420C-90BC-78655F8573FF}.Ad-Hoc|x86.ActiveCfg = Release|Any CPU
		{BE243CF3-B20F-420C-90BC-78655F8573FF}.Ad-Hoc|x86.Build.0 = Release|Any CPU
		{BE243CF3-B20F-420C-90BC-78655F8573FF}.AppStore|Any CPU.ActiveCfg = Release|Any CPU
		{BE243CF3-B20F-420C-90BC-78655F8573FF}.AppStore|Any CPU.Build.0 = Release|Any CPU
		{BE243CF3-B20F-420C-90BC-78655F8573FF}.AppStore|ARM.ActiveCfg = Release|Any CPU
		{BE243CF3-B20F-420C-90BC-78655F8573FF}.AppStore|ARM.Build.0 = Release|Any CPU
		{BE243CF3-B20F-420C-90BC-78655F8573FF}.AppStore|iPhone.ActiveCfg = Release|Any CPU
		{BE243CF3-B20F-420C-90BC-78655F8573FF}.AppStore|iPhone.Build.0 = Release|Any CPU
		{BE243CF3-B20F-420C-90BC-78655F8573FF}.AppStore|iPhoneSimulator.ActiveCfg = Release|Any CPU
		{BE243CF3-B20F-420C-90BC-78655F8573FF}.AppStore|iPhoneSimulator.Build.0 = Release|Any CPU
		{BE243CF3-B20F-420C-90BC-78655F8573FF}.AppStore|Mixed Platforms.ActiveCfg = Release|Any CPU
		{BE243CF3-B20F-420C-90BC-78655F8573FF}.AppStore|Mixed Platforms.Build.0 = Release|Any CPU
		{BE243CF3-B20F-420C-90BC-78655F8573FF}.AppStore|x64.ActiveCfg = Release|Any CPU
		{BE243CF3-B20F-420C-90BC-78655F8573FF}.AppStore|x64.Build.0 = Release|Any CPU
		{BE243CF3-B20F-420C-90BC-78655F8573FF}.AppStore|x86.ActiveCfg = Release|Any CPU
		{BE243CF3-B20F-420C-90BC-78655F8573FF}.AppStore|x86.Build.0 = Release|Any CPU
		{BE243CF3-B20F-420C-90BC-78655F8573FF}.Debug|Any CPU.ActiveCfg = Debug|Any CPU
		{BE243CF3-B20F-420C-90BC-78655F8573FF}.Debug|Any CPU.Build.0 = Debug|Any CPU
		{BE243CF3-B20F-420C-90BC-78655F8573FF}.Debug|ARM.ActiveCfg = Debug|Any CPU
		{BE243CF3-B20F-420C-90BC-78655F8573FF}.Debug|ARM.Build.0 = Debug|Any CPU
		{BE243CF3-B20F-420C-90BC-78655F8573FF}.Debug|iPhone.ActiveCfg = Debug|Any CPU
		{BE243CF3-B20F-420C-90BC-78655F8573FF}.Debug|iPhone.Build.0 = Debug|Any CPU
		{BE243CF3-B20F-420C-90BC-78655F8573FF}.Debug|iPhoneSimulator.ActiveCfg = Debug|Any CPU
		{BE243CF3-B20F-420C-90BC-78655F8573FF}.Debug|iPhoneSimulator.Build.0 = Debug|Any CPU
		{BE243CF3-B20F-420C-90BC-78655F8573FF}.Debug|Mixed Platforms.ActiveCfg = Debug|Any CPU
		{BE243CF3-B20F-420C-90BC-78655F8573FF}.Debug|Mixed Platforms.Build.0 = Debug|Any CPU
		{BE243CF3-B20F-420C-90BC-78655F8573FF}.Debug|x64.ActiveCfg = Debug|Any CPU
		{BE243CF3-B20F-420C-90BC-78655F8573FF}.Debug|x64.Build.0 = Debug|Any CPU
		{BE243CF3-B20F-420C-90BC-78655F8573FF}.Debug|x86.ActiveCfg = Debug|Any CPU
		{BE243CF3-B20F-420C-90BC-78655F8573FF}.Debug|x86.Build.0 = Debug|Any CPU
		{BE243CF3-B20F-420C-90BC-78655F8573FF}.Release|Any CPU.ActiveCfg = Release|Any CPU
		{BE243CF3-B20F-420C-90BC-78655F8573FF}.Release|Any CPU.Build.0 = Release|Any CPU
		{BE243CF3-B20F-420C-90BC-78655F8573FF}.Release|ARM.ActiveCfg = Release|Any CPU
		{BE243CF3-B20F-420C-90BC-78655F8573FF}.Release|ARM.Build.0 = Release|Any CPU
		{BE243CF3-B20F-420C-90BC-78655F8573FF}.Release|iPhone.ActiveCfg = Release|Any CPU
		{BE243CF3-B20F-420C-90BC-78655F8573FF}.Release|iPhone.Build.0 = Release|Any CPU
		{BE243CF3-B20F-420C-90BC-78655F8573FF}.Release|iPhoneSimulator.ActiveCfg = Release|Any CPU
		{BE243CF3-B20F-420C-90BC-78655F8573FF}.Release|iPhoneSimulator.Build.0 = Release|Any CPU
		{BE243CF3-B20F-420C-90BC-78655F8573FF}.Release|Mixed Platforms.ActiveCfg = Release|Any CPU
		{BE243CF3-B20F-420C-90BC-78655F8573FF}.Release|Mixed Platforms.Build.0 = Release|Any CPU
		{BE243CF3-B20F-420C-90BC-78655F8573FF}.Release|x64.ActiveCfg = Release|Any CPU
		{BE243CF3-B20F-420C-90BC-78655F8573FF}.Release|x64.Build.0 = Release|Any CPU
		{BE243CF3-B20F-420C-90BC-78655F8573FF}.Release|x86.ActiveCfg = Release|Any CPU
		{BE243CF3-B20F-420C-90BC-78655F8573FF}.Release|x86.Build.0 = Release|Any CPU
		{D0A61D30-2CED-4A10-99A0-CD9CDB6D5FBC}.Ad-Hoc|Any CPU.ActiveCfg = Release|Any CPU
		{D0A61D30-2CED-4A10-99A0-CD9CDB6D5FBC}.Ad-Hoc|Any CPU.Build.0 = Release|Any CPU
		{D0A61D30-2CED-4A10-99A0-CD9CDB6D5FBC}.Ad-Hoc|Any CPU.Deploy.0 = Release|Any CPU
		{D0A61D30-2CED-4A10-99A0-CD9CDB6D5FBC}.Ad-Hoc|ARM.ActiveCfg = Release|Any CPU
		{D0A61D30-2CED-4A10-99A0-CD9CDB6D5FBC}.Ad-Hoc|ARM.Build.0 = Release|Any CPU
		{D0A61D30-2CED-4A10-99A0-CD9CDB6D5FBC}.Ad-Hoc|ARM.Deploy.0 = Release|Any CPU
		{D0A61D30-2CED-4A10-99A0-CD9CDB6D5FBC}.Ad-Hoc|iPhone.ActiveCfg = Release|Any CPU
		{D0A61D30-2CED-4A10-99A0-CD9CDB6D5FBC}.Ad-Hoc|iPhone.Build.0 = Release|Any CPU
		{D0A61D30-2CED-4A10-99A0-CD9CDB6D5FBC}.Ad-Hoc|iPhone.Deploy.0 = Release|Any CPU
		{D0A61D30-2CED-4A10-99A0-CD9CDB6D5FBC}.Ad-Hoc|iPhoneSimulator.ActiveCfg = Release|Any CPU
		{D0A61D30-2CED-4A10-99A0-CD9CDB6D5FBC}.Ad-Hoc|iPhoneSimulator.Build.0 = Release|Any CPU
		{D0A61D30-2CED-4A10-99A0-CD9CDB6D5FBC}.Ad-Hoc|iPhoneSimulator.Deploy.0 = Release|Any CPU
		{D0A61D30-2CED-4A10-99A0-CD9CDB6D5FBC}.Ad-Hoc|Mixed Platforms.ActiveCfg = Release|Any CPU
		{D0A61D30-2CED-4A10-99A0-CD9CDB6D5FBC}.Ad-Hoc|Mixed Platforms.Build.0 = Release|Any CPU
		{D0A61D30-2CED-4A10-99A0-CD9CDB6D5FBC}.Ad-Hoc|Mixed Platforms.Deploy.0 = Release|Any CPU
		{D0A61D30-2CED-4A10-99A0-CD9CDB6D5FBC}.Ad-Hoc|x64.ActiveCfg = Release|Any CPU
		{D0A61D30-2CED-4A10-99A0-CD9CDB6D5FBC}.Ad-Hoc|x64.Build.0 = Release|Any CPU
		{D0A61D30-2CED-4A10-99A0-CD9CDB6D5FBC}.Ad-Hoc|x64.Deploy.0 = Release|Any CPU
		{D0A61D30-2CED-4A10-99A0-CD9CDB6D5FBC}.Ad-Hoc|x86.ActiveCfg = Release|Any CPU
		{D0A61D30-2CED-4A10-99A0-CD9CDB6D5FBC}.Ad-Hoc|x86.Build.0 = Release|Any CPU
		{D0A61D30-2CED-4A10-99A0-CD9CDB6D5FBC}.Ad-Hoc|x86.Deploy.0 = Release|Any CPU
		{D0A61D30-2CED-4A10-99A0-CD9CDB6D5FBC}.AppStore|Any CPU.ActiveCfg = Release|Any CPU
		{D0A61D30-2CED-4A10-99A0-CD9CDB6D5FBC}.AppStore|Any CPU.Build.0 = Release|Any CPU
		{D0A61D30-2CED-4A10-99A0-CD9CDB6D5FBC}.AppStore|Any CPU.Deploy.0 = Release|Any CPU
		{D0A61D30-2CED-4A10-99A0-CD9CDB6D5FBC}.AppStore|ARM.ActiveCfg = Release|Any CPU
		{D0A61D30-2CED-4A10-99A0-CD9CDB6D5FBC}.AppStore|ARM.Build.0 = Release|Any CPU
		{D0A61D30-2CED-4A10-99A0-CD9CDB6D5FBC}.AppStore|ARM.Deploy.0 = Release|Any CPU
		{D0A61D30-2CED-4A10-99A0-CD9CDB6D5FBC}.AppStore|iPhone.ActiveCfg = Release|Any CPU
		{D0A61D30-2CED-4A10-99A0-CD9CDB6D5FBC}.AppStore|iPhone.Build.0 = Release|Any CPU
		{D0A61D30-2CED-4A10-99A0-CD9CDB6D5FBC}.AppStore|iPhone.Deploy.0 = Release|Any CPU
		{D0A61D30-2CED-4A10-99A0-CD9CDB6D5FBC}.AppStore|iPhoneSimulator.ActiveCfg = Release|Any CPU
		{D0A61D30-2CED-4A10-99A0-CD9CDB6D5FBC}.AppStore|iPhoneSimulator.Build.0 = Release|Any CPU
		{D0A61D30-2CED-4A10-99A0-CD9CDB6D5FBC}.AppStore|iPhoneSimulator.Deploy.0 = Release|Any CPU
		{D0A61D30-2CED-4A10-99A0-CD9CDB6D5FBC}.AppStore|Mixed Platforms.ActiveCfg = Release|Any CPU
		{D0A61D30-2CED-4A10-99A0-CD9CDB6D5FBC}.AppStore|Mixed Platforms.Build.0 = Release|Any CPU
		{D0A61D30-2CED-4A10-99A0-CD9CDB6D5FBC}.AppStore|Mixed Platforms.Deploy.0 = Release|Any CPU
		{D0A61D30-2CED-4A10-99A0-CD9CDB6D5FBC}.AppStore|x64.ActiveCfg = Release|Any CPU
		{D0A61D30-2CED-4A10-99A0-CD9CDB6D5FBC}.AppStore|x64.Build.0 = Release|Any CPU
		{D0A61D30-2CED-4A10-99A0-CD9CDB6D5FBC}.AppStore|x64.Deploy.0 = Release|Any CPU
		{D0A61D30-2CED-4A10-99A0-CD9CDB6D5FBC}.AppStore|x86.ActiveCfg = Release|Any CPU
		{D0A61D30-2CED-4A10-99A0-CD9CDB6D5FBC}.AppStore|x86.Build.0 = Release|Any CPU
		{D0A61D30-2CED-4A10-99A0-CD9CDB6D5FBC}.AppStore|x86.Deploy.0 = Release|Any CPU
		{D0A61D30-2CED-4A10-99A0-CD9CDB6D5FBC}.Debug|Any CPU.ActiveCfg = Debug|Any CPU
		{D0A61D30-2CED-4A10-99A0-CD9CDB6D5FBC}.Debug|Any CPU.Build.0 = Debug|Any CPU
		{D0A61D30-2CED-4A10-99A0-CD9CDB6D5FBC}.Debug|Any CPU.Deploy.0 = Debug|Any CPU
		{D0A61D30-2CED-4A10-99A0-CD9CDB6D5FBC}.Debug|ARM.ActiveCfg = Debug|Any CPU
		{D0A61D30-2CED-4A10-99A0-CD9CDB6D5FBC}.Debug|ARM.Build.0 = Debug|Any CPU
		{D0A61D30-2CED-4A10-99A0-CD9CDB6D5FBC}.Debug|ARM.Deploy.0 = Debug|Any CPU
		{D0A61D30-2CED-4A10-99A0-CD9CDB6D5FBC}.Debug|iPhone.ActiveCfg = Debug|Any CPU
		{D0A61D30-2CED-4A10-99A0-CD9CDB6D5FBC}.Debug|iPhone.Build.0 = Debug|Any CPU
		{D0A61D30-2CED-4A10-99A0-CD9CDB6D5FBC}.Debug|iPhone.Deploy.0 = Debug|Any CPU
		{D0A61D30-2CED-4A10-99A0-CD9CDB6D5FBC}.Debug|iPhoneSimulator.ActiveCfg = Debug|Any CPU
		{D0A61D30-2CED-4A10-99A0-CD9CDB6D5FBC}.Debug|iPhoneSimulator.Build.0 = Debug|Any CPU
		{D0A61D30-2CED-4A10-99A0-CD9CDB6D5FBC}.Debug|iPhoneSimulator.Deploy.0 = Debug|Any CPU
		{D0A61D30-2CED-4A10-99A0-CD9CDB6D5FBC}.Debug|Mixed Platforms.ActiveCfg = Debug|Any CPU
		{D0A61D30-2CED-4A10-99A0-CD9CDB6D5FBC}.Debug|Mixed Platforms.Build.0 = Debug|Any CPU
		{D0A61D30-2CED-4A10-99A0-CD9CDB6D5FBC}.Debug|Mixed Platforms.Deploy.0 = Debug|Any CPU
		{D0A61D30-2CED-4A10-99A0-CD9CDB6D5FBC}.Debug|x64.ActiveCfg = Debug|Any CPU
		{D0A61D30-2CED-4A10-99A0-CD9CDB6D5FBC}.Debug|x64.Build.0 = Debug|Any CPU
		{D0A61D30-2CED-4A10-99A0-CD9CDB6D5FBC}.Debug|x64.Deploy.0 = Debug|Any CPU
		{D0A61D30-2CED-4A10-99A0-CD9CDB6D5FBC}.Debug|x86.ActiveCfg = Debug|Any CPU
		{D0A61D30-2CED-4A10-99A0-CD9CDB6D5FBC}.Debug|x86.Build.0 = Debug|Any CPU
		{D0A61D30-2CED-4A10-99A0-CD9CDB6D5FBC}.Debug|x86.Deploy.0 = Debug|Any CPU
		{D0A61D30-2CED-4A10-99A0-CD9CDB6D5FBC}.Release|Any CPU.ActiveCfg = Release|Any CPU
		{D0A61D30-2CED-4A10-99A0-CD9CDB6D5FBC}.Release|Any CPU.Build.0 = Release|Any CPU
		{D0A61D30-2CED-4A10-99A0-CD9CDB6D5FBC}.Release|Any CPU.Deploy.0 = Release|Any CPU
		{D0A61D30-2CED-4A10-99A0-CD9CDB6D5FBC}.Release|ARM.ActiveCfg = Release|Any CPU
		{D0A61D30-2CED-4A10-99A0-CD9CDB6D5FBC}.Release|ARM.Build.0 = Release|Any CPU
		{D0A61D30-2CED-4A10-99A0-CD9CDB6D5FBC}.Release|ARM.Deploy.0 = Release|Any CPU
		{D0A61D30-2CED-4A10-99A0-CD9CDB6D5FBC}.Release|iPhone.ActiveCfg = Release|Any CPU
		{D0A61D30-2CED-4A10-99A0-CD9CDB6D5FBC}.Release|iPhone.Build.0 = Release|Any CPU
		{D0A61D30-2CED-4A10-99A0-CD9CDB6D5FBC}.Release|iPhone.Deploy.0 = Release|Any CPU
		{D0A61D30-2CED-4A10-99A0-CD9CDB6D5FBC}.Release|iPhoneSimulator.ActiveCfg = Release|Any CPU
		{D0A61D30-2CED-4A10-99A0-CD9CDB6D5FBC}.Release|iPhoneSimulator.Build.0 = Release|Any CPU
		{D0A61D30-2CED-4A10-99A0-CD9CDB6D5FBC}.Release|iPhoneSimulator.Deploy.0 = Release|Any CPU
		{D0A61D30-2CED-4A10-99A0-CD9CDB6D5FBC}.Release|Mixed Platforms.ActiveCfg = Release|Any CPU
		{D0A61D30-2CED-4A10-99A0-CD9CDB6D5FBC}.Release|Mixed Platforms.Build.0 = Release|Any CPU
		{D0A61D30-2CED-4A10-99A0-CD9CDB6D5FBC}.Release|Mixed Platforms.Deploy.0 = Release|Any CPU
		{D0A61D30-2CED-4A10-99A0-CD9CDB6D5FBC}.Release|x64.ActiveCfg = Release|Any CPU
		{D0A61D30-2CED-4A10-99A0-CD9CDB6D5FBC}.Release|x64.Build.0 = Release|Any CPU
		{D0A61D30-2CED-4A10-99A0-CD9CDB6D5FBC}.Release|x64.Deploy.0 = Release|Any CPU
		{D0A61D30-2CED-4A10-99A0-CD9CDB6D5FBC}.Release|x86.ActiveCfg = Release|Any CPU
		{D0A61D30-2CED-4A10-99A0-CD9CDB6D5FBC}.Release|x86.Build.0 = Release|Any CPU
		{D0A61D30-2CED-4A10-99A0-CD9CDB6D5FBC}.Release|x86.Deploy.0 = Release|Any CPU
		{94BEB249-66B8-4C84-AE78-C34BE3FA094D}.Ad-Hoc|Any CPU.ActiveCfg = Release|Any CPU
		{94BEB249-66B8-4C84-AE78-C34BE3FA094D}.Ad-Hoc|Any CPU.Build.0 = Release|Any CPU
		{94BEB249-66B8-4C84-AE78-C34BE3FA094D}.Ad-Hoc|ARM.ActiveCfg = Release|Any CPU
		{94BEB249-66B8-4C84-AE78-C34BE3FA094D}.Ad-Hoc|ARM.Build.0 = Release|Any CPU
		{94BEB249-66B8-4C84-AE78-C34BE3FA094D}.Ad-Hoc|iPhone.ActiveCfg = Release|Any CPU
		{94BEB249-66B8-4C84-AE78-C34BE3FA094D}.Ad-Hoc|iPhone.Build.0 = Release|Any CPU
		{94BEB249-66B8-4C84-AE78-C34BE3FA094D}.Ad-Hoc|iPhoneSimulator.ActiveCfg = Release|Any CPU
		{94BEB249-66B8-4C84-AE78-C34BE3FA094D}.Ad-Hoc|iPhoneSimulator.Build.0 = Release|Any CPU
		{94BEB249-66B8-4C84-AE78-C34BE3FA094D}.Ad-Hoc|Mixed Platforms.ActiveCfg = Release|Any CPU
		{94BEB249-66B8-4C84-AE78-C34BE3FA094D}.Ad-Hoc|Mixed Platforms.Build.0 = Release|Any CPU
		{94BEB249-66B8-4C84-AE78-C34BE3FA094D}.Ad-Hoc|x64.ActiveCfg = Release|Any CPU
		{94BEB249-66B8-4C84-AE78-C34BE3FA094D}.Ad-Hoc|x64.Build.0 = Release|Any CPU
		{94BEB249-66B8-4C84-AE78-C34BE3FA094D}.Ad-Hoc|x86.ActiveCfg = Release|Any CPU
		{94BEB249-66B8-4C84-AE78-C34BE3FA094D}.Ad-Hoc|x86.Build.0 = Release|Any CPU
		{94BEB249-66B8-4C84-AE78-C34BE3FA094D}.AppStore|Any CPU.ActiveCfg = Release|Any CPU
		{94BEB249-66B8-4C84-AE78-C34BE3FA094D}.AppStore|Any CPU.Build.0 = Release|Any CPU
		{94BEB249-66B8-4C84-AE78-C34BE3FA094D}.AppStore|ARM.ActiveCfg = Release|Any CPU
		{94BEB249-66B8-4C84-AE78-C34BE3FA094D}.AppStore|ARM.Build.0 = Release|Any CPU
		{94BEB249-66B8-4C84-AE78-C34BE3FA094D}.AppStore|iPhone.ActiveCfg = Release|Any CPU
		{94BEB249-66B8-4C84-AE78-C34BE3FA094D}.AppStore|iPhone.Build.0 = Release|Any CPU
		{94BEB249-66B8-4C84-AE78-C34BE3FA094D}.AppStore|iPhoneSimulator.ActiveCfg = Release|Any CPU
		{94BEB249-66B8-4C84-AE78-C34BE3FA094D}.AppStore|iPhoneSimulator.Build.0 = Release|Any CPU
		{94BEB249-66B8-4C84-AE78-C34BE3FA094D}.AppStore|Mixed Platforms.ActiveCfg = Release|Any CPU
		{94BEB249-66B8-4C84-AE78-C34BE3FA094D}.AppStore|Mixed Platforms.Build.0 = Release|Any CPU
		{94BEB249-66B8-4C84-AE78-C34BE3FA094D}.AppStore|x64.ActiveCfg = Release|Any CPU
		{94BEB249-66B8-4C84-AE78-C34BE3FA094D}.AppStore|x64.Build.0 = Release|Any CPU
		{94BEB249-66B8-4C84-AE78-C34BE3FA094D}.AppStore|x86.ActiveCfg = Release|Any CPU
		{94BEB249-66B8-4C84-AE78-C34BE3FA094D}.AppStore|x86.Build.0 = Release|Any CPU
		{94BEB249-66B8-4C84-AE78-C34BE3FA094D}.Debug|Any CPU.ActiveCfg = Debug|Any CPU
		{94BEB249-66B8-4C84-AE78-C34BE3FA094D}.Debug|Any CPU.Build.0 = Debug|Any CPU
		{94BEB249-66B8-4C84-AE78-C34BE3FA094D}.Debug|ARM.ActiveCfg = Debug|Any CPU
		{94BEB249-66B8-4C84-AE78-C34BE3FA094D}.Debug|ARM.Build.0 = Debug|Any CPU
		{94BEB249-66B8-4C84-AE78-C34BE3FA094D}.Debug|iPhone.ActiveCfg = Debug|Any CPU
		{94BEB249-66B8-4C84-AE78-C34BE3FA094D}.Debug|iPhone.Build.0 = Debug|Any CPU
		{94BEB249-66B8-4C84-AE78-C34BE3FA094D}.Debug|iPhoneSimulator.ActiveCfg = Debug|Any CPU
		{94BEB249-66B8-4C84-AE78-C34BE3FA094D}.Debug|iPhoneSimulator.Build.0 = Debug|Any CPU
		{94BEB249-66B8-4C84-AE78-C34BE3FA094D}.Debug|Mixed Platforms.ActiveCfg = Debug|Any CPU
		{94BEB249-66B8-4C84-AE78-C34BE3FA094D}.Debug|Mixed Platforms.Build.0 = Debug|Any CPU
		{94BEB249-66B8-4C84-AE78-C34BE3FA094D}.Debug|x64.ActiveCfg = Debug|Any CPU
		{94BEB249-66B8-4C84-AE78-C34BE3FA094D}.Debug|x64.Build.0 = Debug|Any CPU
		{94BEB249-66B8-4C84-AE78-C34BE3FA094D}.Debug|x86.ActiveCfg = Debug|Any CPU
		{94BEB249-66B8-4C84-AE78-C34BE3FA094D}.Debug|x86.Build.0 = Debug|Any CPU
		{94BEB249-66B8-4C84-AE78-C34BE3FA094D}.Release|Any CPU.ActiveCfg = Release|Any CPU
		{94BEB249-66B8-4C84-AE78-C34BE3FA094D}.Release|Any CPU.Build.0 = Release|Any CPU
		{94BEB249-66B8-4C84-AE78-C34BE3FA094D}.Release|ARM.ActiveCfg = Release|Any CPU
		{94BEB249-66B8-4C84-AE78-C34BE3FA094D}.Release|ARM.Build.0 = Release|Any CPU
		{94BEB249-66B8-4C84-AE78-C34BE3FA094D}.Release|iPhone.ActiveCfg = Release|Any CPU
		{94BEB249-66B8-4C84-AE78-C34BE3FA094D}.Release|iPhone.Build.0 = Release|Any CPU
		{94BEB249-66B8-4C84-AE78-C34BE3FA094D}.Release|iPhoneSimulator.ActiveCfg = Release|Any CPU
		{94BEB249-66B8-4C84-AE78-C34BE3FA094D}.Release|iPhoneSimulator.Build.0 = Release|Any CPU
		{94BEB249-66B8-4C84-AE78-C34BE3FA094D}.Release|Mixed Platforms.ActiveCfg = Release|Any CPU
		{94BEB249-66B8-4C84-AE78-C34BE3FA094D}.Release|Mixed Platforms.Build.0 = Release|Any CPU
		{94BEB249-66B8-4C84-AE78-C34BE3FA094D}.Release|x64.ActiveCfg = Release|Any CPU
		{94BEB249-66B8-4C84-AE78-C34BE3FA094D}.Release|x64.Build.0 = Release|Any CPU
		{94BEB249-66B8-4C84-AE78-C34BE3FA094D}.Release|x86.ActiveCfg = Release|Any CPU
		{94BEB249-66B8-4C84-AE78-C34BE3FA094D}.Release|x86.Build.0 = Release|Any CPU
		{E6EFB644-E20D-463E-81CA-3D6323710435}.Ad-Hoc|Any CPU.ActiveCfg = Debug|Any CPU
		{E6EFB644-E20D-463E-81CA-3D6323710435}.Ad-Hoc|Any CPU.Build.0 = Debug|Any CPU
		{E6EFB644-E20D-463E-81CA-3D6323710435}.Ad-Hoc|Any CPU.Deploy.0 = Debug|Any CPU
		{E6EFB644-E20D-463E-81CA-3D6323710435}.Ad-Hoc|ARM.ActiveCfg = Debug|Any CPU
		{E6EFB644-E20D-463E-81CA-3D6323710435}.Ad-Hoc|ARM.Build.0 = Debug|Any CPU
		{E6EFB644-E20D-463E-81CA-3D6323710435}.Ad-Hoc|ARM.Deploy.0 = Debug|Any CPU
		{E6EFB644-E20D-463E-81CA-3D6323710435}.Ad-Hoc|iPhone.ActiveCfg = Debug|Any CPU
		{E6EFB644-E20D-463E-81CA-3D6323710435}.Ad-Hoc|iPhone.Build.0 = Debug|Any CPU
		{E6EFB644-E20D-463E-81CA-3D6323710435}.Ad-Hoc|iPhone.Deploy.0 = Debug|Any CPU
		{E6EFB644-E20D-463E-81CA-3D6323710435}.Ad-Hoc|iPhoneSimulator.ActiveCfg = Debug|Any CPU
		{E6EFB644-E20D-463E-81CA-3D6323710435}.Ad-Hoc|iPhoneSimulator.Build.0 = Debug|Any CPU
		{E6EFB644-E20D-463E-81CA-3D6323710435}.Ad-Hoc|iPhoneSimulator.Deploy.0 = Debug|Any CPU
		{E6EFB644-E20D-463E-81CA-3D6323710435}.Ad-Hoc|Mixed Platforms.ActiveCfg = Debug|Any CPU
		{E6EFB644-E20D-463E-81CA-3D6323710435}.Ad-Hoc|Mixed Platforms.Build.0 = Debug|Any CPU
		{E6EFB644-E20D-463E-81CA-3D6323710435}.Ad-Hoc|Mixed Platforms.Deploy.0 = Debug|Any CPU
		{E6EFB644-E20D-463E-81CA-3D6323710435}.Ad-Hoc|x64.ActiveCfg = Debug|Any CPU
		{E6EFB644-E20D-463E-81CA-3D6323710435}.Ad-Hoc|x64.Build.0 = Debug|Any CPU
		{E6EFB644-E20D-463E-81CA-3D6323710435}.Ad-Hoc|x64.Deploy.0 = Debug|Any CPU
		{E6EFB644-E20D-463E-81CA-3D6323710435}.Ad-Hoc|x86.ActiveCfg = Debug|Any CPU
		{E6EFB644-E20D-463E-81CA-3D6323710435}.Ad-Hoc|x86.Build.0 = Debug|Any CPU
		{E6EFB644-E20D-463E-81CA-3D6323710435}.Ad-Hoc|x86.Deploy.0 = Debug|Any CPU
		{E6EFB644-E20D-463E-81CA-3D6323710435}.AppStore|Any CPU.ActiveCfg = Debug|Any CPU
		{E6EFB644-E20D-463E-81CA-3D6323710435}.AppStore|Any CPU.Build.0 = Debug|Any CPU
		{E6EFB644-E20D-463E-81CA-3D6323710435}.AppStore|Any CPU.Deploy.0 = Debug|Any CPU
		{E6EFB644-E20D-463E-81CA-3D6323710435}.AppStore|ARM.ActiveCfg = Debug|Any CPU
		{E6EFB644-E20D-463E-81CA-3D6323710435}.AppStore|ARM.Build.0 = Debug|Any CPU
		{E6EFB644-E20D-463E-81CA-3D6323710435}.AppStore|ARM.Deploy.0 = Debug|Any CPU
		{E6EFB644-E20D-463E-81CA-3D6323710435}.AppStore|iPhone.ActiveCfg = Debug|Any CPU
		{E6EFB644-E20D-463E-81CA-3D6323710435}.AppStore|iPhone.Build.0 = Debug|Any CPU
		{E6EFB644-E20D-463E-81CA-3D6323710435}.AppStore|iPhone.Deploy.0 = Debug|Any CPU
		{E6EFB644-E20D-463E-81CA-3D6323710435}.AppStore|iPhoneSimulator.ActiveCfg = Debug|Any CPU
		{E6EFB644-E20D-463E-81CA-3D6323710435}.AppStore|iPhoneSimulator.Build.0 = Debug|Any CPU
		{E6EFB644-E20D-463E-81CA-3D6323710435}.AppStore|iPhoneSimulator.Deploy.0 = Debug|Any CPU
		{E6EFB644-E20D-463E-81CA-3D6323710435}.AppStore|Mixed Platforms.ActiveCfg = Debug|Any CPU
		{E6EFB644-E20D-463E-81CA-3D6323710435}.AppStore|Mixed Platforms.Build.0 = Debug|Any CPU
		{E6EFB644-E20D-463E-81CA-3D6323710435}.AppStore|Mixed Platforms.Deploy.0 = Debug|Any CPU
		{E6EFB644-E20D-463E-81CA-3D6323710435}.AppStore|x64.ActiveCfg = Debug|Any CPU
		{E6EFB644-E20D-463E-81CA-3D6323710435}.AppStore|x64.Build.0 = Debug|Any CPU
		{E6EFB644-E20D-463E-81CA-3D6323710435}.AppStore|x64.Deploy.0 = Debug|Any CPU
		{E6EFB644-E20D-463E-81CA-3D6323710435}.AppStore|x86.ActiveCfg = Debug|Any CPU
		{E6EFB644-E20D-463E-81CA-3D6323710435}.AppStore|x86.Build.0 = Debug|Any CPU
		{E6EFB644-E20D-463E-81CA-3D6323710435}.AppStore|x86.Deploy.0 = Debug|Any CPU
		{E6EFB644-E20D-463E-81CA-3D6323710435}.Debug|Any CPU.ActiveCfg = Debug|Any CPU
		{E6EFB644-E20D-463E-81CA-3D6323710435}.Debug|Any CPU.Build.0 = Debug|Any CPU
		{E6EFB644-E20D-463E-81CA-3D6323710435}.Debug|Any CPU.Deploy.0 = Debug|Any CPU
		{E6EFB644-E20D-463E-81CA-3D6323710435}.Debug|ARM.ActiveCfg = Debug|Any CPU
		{E6EFB644-E20D-463E-81CA-3D6323710435}.Debug|ARM.Build.0 = Debug|Any CPU
		{E6EFB644-E20D-463E-81CA-3D6323710435}.Debug|ARM.Deploy.0 = Debug|Any CPU
		{E6EFB644-E20D-463E-81CA-3D6323710435}.Debug|iPhone.ActiveCfg = Debug|Any CPU
		{E6EFB644-E20D-463E-81CA-3D6323710435}.Debug|iPhone.Build.0 = Debug|Any CPU
		{E6EFB644-E20D-463E-81CA-3D6323710435}.Debug|iPhone.Deploy.0 = Debug|Any CPU
		{E6EFB644-E20D-463E-81CA-3D6323710435}.Debug|iPhoneSimulator.ActiveCfg = Debug|Any CPU
		{E6EFB644-E20D-463E-81CA-3D6323710435}.Debug|iPhoneSimulator.Build.0 = Debug|Any CPU
		{E6EFB644-E20D-463E-81CA-3D6323710435}.Debug|iPhoneSimulator.Deploy.0 = Debug|Any CPU
		{E6EFB644-E20D-463E-81CA-3D6323710435}.Debug|Mixed Platforms.ActiveCfg = Debug|Any CPU
		{E6EFB644-E20D-463E-81CA-3D6323710435}.Debug|Mixed Platforms.Build.0 = Debug|Any CPU
		{E6EFB644-E20D-463E-81CA-3D6323710435}.Debug|Mixed Platforms.Deploy.0 = Debug|Any CPU
		{E6EFB644-E20D-463E-81CA-3D6323710435}.Debug|x64.ActiveCfg = Debug|Any CPU
		{E6EFB644-E20D-463E-81CA-3D6323710435}.Debug|x64.Build.0 = Debug|Any CPU
		{E6EFB644-E20D-463E-81CA-3D6323710435}.Debug|x64.Deploy.0 = Debug|Any CPU
		{E6EFB644-E20D-463E-81CA-3D6323710435}.Debug|x86.ActiveCfg = Debug|Any CPU
		{E6EFB644-E20D-463E-81CA-3D6323710435}.Debug|x86.Build.0 = Debug|Any CPU
		{E6EFB644-E20D-463E-81CA-3D6323710435}.Debug|x86.Deploy.0 = Debug|Any CPU
		{E6EFB644-E20D-463E-81CA-3D6323710435}.Release|Any CPU.ActiveCfg = Release|Any CPU
		{E6EFB644-E20D-463E-81CA-3D6323710435}.Release|Any CPU.Build.0 = Release|Any CPU
		{E6EFB644-E20D-463E-81CA-3D6323710435}.Release|Any CPU.Deploy.0 = Release|Any CPU
		{E6EFB644-E20D-463E-81CA-3D6323710435}.Release|ARM.ActiveCfg = Release|Any CPU
		{E6EFB644-E20D-463E-81CA-3D6323710435}.Release|ARM.Build.0 = Release|Any CPU
		{E6EFB644-E20D-463E-81CA-3D6323710435}.Release|ARM.Deploy.0 = Release|Any CPU
		{E6EFB644-E20D-463E-81CA-3D6323710435}.Release|iPhone.ActiveCfg = Release|Any CPU
		{E6EFB644-E20D-463E-81CA-3D6323710435}.Release|iPhone.Build.0 = Release|Any CPU
		{E6EFB644-E20D-463E-81CA-3D6323710435}.Release|iPhone.Deploy.0 = Release|Any CPU
		{E6EFB644-E20D-463E-81CA-3D6323710435}.Release|iPhoneSimulator.ActiveCfg = Release|Any CPU
		{E6EFB644-E20D-463E-81CA-3D6323710435}.Release|iPhoneSimulator.Build.0 = Release|Any CPU
		{E6EFB644-E20D-463E-81CA-3D6323710435}.Release|iPhoneSimulator.Deploy.0 = Release|Any CPU
		{E6EFB644-E20D-463E-81CA-3D6323710435}.Release|Mixed Platforms.ActiveCfg = Release|Any CPU
		{E6EFB644-E20D-463E-81CA-3D6323710435}.Release|Mixed Platforms.Build.0 = Release|Any CPU
		{E6EFB644-E20D-463E-81CA-3D6323710435}.Release|Mixed Platforms.Deploy.0 = Release|Any CPU
		{E6EFB644-E20D-463E-81CA-3D6323710435}.Release|x64.ActiveCfg = Release|Any CPU
		{E6EFB644-E20D-463E-81CA-3D6323710435}.Release|x64.Build.0 = Release|Any CPU
		{E6EFB644-E20D-463E-81CA-3D6323710435}.Release|x64.Deploy.0 = Release|Any CPU
		{E6EFB644-E20D-463E-81CA-3D6323710435}.Release|x86.ActiveCfg = Release|Any CPU
		{E6EFB644-E20D-463E-81CA-3D6323710435}.Release|x86.Build.0 = Release|Any CPU
		{E6EFB644-E20D-463E-81CA-3D6323710435}.Release|x86.Deploy.0 = Release|Any CPU
		{849010F0-0314-4BBF-B75F-24036DABB596}.Ad-Hoc|Any CPU.ActiveCfg = Debug|Any CPU
		{849010F0-0314-4BBF-B75F-24036DABB596}.Ad-Hoc|Any CPU.Build.0 = Debug|Any CPU
		{849010F0-0314-4BBF-B75F-24036DABB596}.Ad-Hoc|ARM.ActiveCfg = Debug|Any CPU
		{849010F0-0314-4BBF-B75F-24036DABB596}.Ad-Hoc|ARM.Build.0 = Debug|Any CPU
		{849010F0-0314-4BBF-B75F-24036DABB596}.Ad-Hoc|iPhone.ActiveCfg = Debug|Any CPU
		{849010F0-0314-4BBF-B75F-24036DABB596}.Ad-Hoc|iPhone.Build.0 = Debug|Any CPU
		{849010F0-0314-4BBF-B75F-24036DABB596}.Ad-Hoc|iPhoneSimulator.ActiveCfg = Debug|Any CPU
		{849010F0-0314-4BBF-B75F-24036DABB596}.Ad-Hoc|iPhoneSimulator.Build.0 = Debug|Any CPU
		{849010F0-0314-4BBF-B75F-24036DABB596}.Ad-Hoc|Mixed Platforms.ActiveCfg = Debug|Any CPU
		{849010F0-0314-4BBF-B75F-24036DABB596}.Ad-Hoc|Mixed Platforms.Build.0 = Debug|Any CPU
		{849010F0-0314-4BBF-B75F-24036DABB596}.Ad-Hoc|x64.ActiveCfg = Debug|Any CPU
		{849010F0-0314-4BBF-B75F-24036DABB596}.Ad-Hoc|x64.Build.0 = Debug|Any CPU
		{849010F0-0314-4BBF-B75F-24036DABB596}.Ad-Hoc|x86.ActiveCfg = Debug|Any CPU
		{849010F0-0314-4BBF-B75F-24036DABB596}.Ad-Hoc|x86.Build.0 = Debug|Any CPU
		{849010F0-0314-4BBF-B75F-24036DABB596}.AppStore|Any CPU.ActiveCfg = Debug|Any CPU
		{849010F0-0314-4BBF-B75F-24036DABB596}.AppStore|Any CPU.Build.0 = Debug|Any CPU
		{849010F0-0314-4BBF-B75F-24036DABB596}.AppStore|ARM.ActiveCfg = Debug|Any CPU
		{849010F0-0314-4BBF-B75F-24036DABB596}.AppStore|ARM.Build.0 = Debug|Any CPU
		{849010F0-0314-4BBF-B75F-24036DABB596}.AppStore|iPhone.ActiveCfg = Debug|Any CPU
		{849010F0-0314-4BBF-B75F-24036DABB596}.AppStore|iPhone.Build.0 = Debug|Any CPU
		{849010F0-0314-4BBF-B75F-24036DABB596}.AppStore|iPhoneSimulator.ActiveCfg = Debug|Any CPU
		{849010F0-0314-4BBF-B75F-24036DABB596}.AppStore|iPhoneSimulator.Build.0 = Debug|Any CPU
		{849010F0-0314-4BBF-B75F-24036DABB596}.AppStore|Mixed Platforms.ActiveCfg = Debug|Any CPU
		{849010F0-0314-4BBF-B75F-24036DABB596}.AppStore|Mixed Platforms.Build.0 = Debug|Any CPU
		{849010F0-0314-4BBF-B75F-24036DABB596}.AppStore|x64.ActiveCfg = Debug|Any CPU
		{849010F0-0314-4BBF-B75F-24036DABB596}.AppStore|x64.Build.0 = Debug|Any CPU
		{849010F0-0314-4BBF-B75F-24036DABB596}.AppStore|x86.ActiveCfg = Debug|Any CPU
		{849010F0-0314-4BBF-B75F-24036DABB596}.AppStore|x86.Build.0 = Debug|Any CPU
		{849010F0-0314-4BBF-B75F-24036DABB596}.Debug|Any CPU.ActiveCfg = Debug|Any CPU
		{849010F0-0314-4BBF-B75F-24036DABB596}.Debug|Any CPU.Build.0 = Debug|Any CPU
		{849010F0-0314-4BBF-B75F-24036DABB596}.Debug|ARM.ActiveCfg = Debug|Any CPU
		{849010F0-0314-4BBF-B75F-24036DABB596}.Debug|ARM.Build.0 = Debug|Any CPU
		{849010F0-0314-4BBF-B75F-24036DABB596}.Debug|iPhone.ActiveCfg = Debug|Any CPU
		{849010F0-0314-4BBF-B75F-24036DABB596}.Debug|iPhone.Build.0 = Debug|Any CPU
		{849010F0-0314-4BBF-B75F-24036DABB596}.Debug|iPhoneSimulator.ActiveCfg = Debug|Any CPU
		{849010F0-0314-4BBF-B75F-24036DABB596}.Debug|iPhoneSimulator.Build.0 = Debug|Any CPU
		{849010F0-0314-4BBF-B75F-24036DABB596}.Debug|Mixed Platforms.ActiveCfg = Debug|Any CPU
		{849010F0-0314-4BBF-B75F-24036DABB596}.Debug|Mixed Platforms.Build.0 = Debug|Any CPU
		{849010F0-0314-4BBF-B75F-24036DABB596}.Debug|x64.ActiveCfg = Debug|Any CPU
		{849010F0-0314-4BBF-B75F-24036DABB596}.Debug|x64.Build.0 = Debug|Any CPU
		{849010F0-0314-4BBF-B75F-24036DABB596}.Debug|x86.ActiveCfg = Debug|Any CPU
		{849010F0-0314-4BBF-B75F-24036DABB596}.Debug|x86.Build.0 = Debug|Any CPU
		{849010F0-0314-4BBF-B75F-24036DABB596}.Release|Any CPU.ActiveCfg = Release|Any CPU
		{849010F0-0314-4BBF-B75F-24036DABB596}.Release|Any CPU.Build.0 = Release|Any CPU
		{849010F0-0314-4BBF-B75F-24036DABB596}.Release|ARM.ActiveCfg = Release|Any CPU
		{849010F0-0314-4BBF-B75F-24036DABB596}.Release|ARM.Build.0 = Release|Any CPU
		{849010F0-0314-4BBF-B75F-24036DABB596}.Release|iPhone.ActiveCfg = Release|Any CPU
		{849010F0-0314-4BBF-B75F-24036DABB596}.Release|iPhone.Build.0 = Release|Any CPU
		{849010F0-0314-4BBF-B75F-24036DABB596}.Release|iPhoneSimulator.ActiveCfg = Release|Any CPU
		{849010F0-0314-4BBF-B75F-24036DABB596}.Release|iPhoneSimulator.Build.0 = Release|Any CPU
		{849010F0-0314-4BBF-B75F-24036DABB596}.Release|Mixed Platforms.ActiveCfg = Release|Any CPU
		{849010F0-0314-4BBF-B75F-24036DABB596}.Release|Mixed Platforms.Build.0 = Release|Any CPU
		{849010F0-0314-4BBF-B75F-24036DABB596}.Release|x64.ActiveCfg = Release|Any CPU
		{849010F0-0314-4BBF-B75F-24036DABB596}.Release|x64.Build.0 = Release|Any CPU
		{849010F0-0314-4BBF-B75F-24036DABB596}.Release|x86.ActiveCfg = Release|Any CPU
		{849010F0-0314-4BBF-B75F-24036DABB596}.Release|x86.Build.0 = Release|Any CPU
		{34EB1793-B61F-4A28-B64D-B7575A78923A}.Ad-Hoc|Any CPU.ActiveCfg = Debug|Any CPU
		{34EB1793-B61F-4A28-B64D-B7575A78923A}.Ad-Hoc|Any CPU.Build.0 = Debug|Any CPU
		{34EB1793-B61F-4A28-B64D-B7575A78923A}.Ad-Hoc|Any CPU.Deploy.0 = Debug|Any CPU
		{34EB1793-B61F-4A28-B64D-B7575A78923A}.Ad-Hoc|ARM.ActiveCfg = Debug|Any CPU
		{34EB1793-B61F-4A28-B64D-B7575A78923A}.Ad-Hoc|ARM.Build.0 = Debug|Any CPU
		{34EB1793-B61F-4A28-B64D-B7575A78923A}.Ad-Hoc|ARM.Deploy.0 = Debug|Any CPU
		{34EB1793-B61F-4A28-B64D-B7575A78923A}.Ad-Hoc|iPhone.ActiveCfg = Debug|Any CPU
		{34EB1793-B61F-4A28-B64D-B7575A78923A}.Ad-Hoc|iPhone.Build.0 = Debug|Any CPU
		{34EB1793-B61F-4A28-B64D-B7575A78923A}.Ad-Hoc|iPhone.Deploy.0 = Debug|Any CPU
		{34EB1793-B61F-4A28-B64D-B7575A78923A}.Ad-Hoc|iPhoneSimulator.ActiveCfg = Debug|Any CPU
		{34EB1793-B61F-4A28-B64D-B7575A78923A}.Ad-Hoc|iPhoneSimulator.Build.0 = Debug|Any CPU
		{34EB1793-B61F-4A28-B64D-B7575A78923A}.Ad-Hoc|iPhoneSimulator.Deploy.0 = Debug|Any CPU
		{34EB1793-B61F-4A28-B64D-B7575A78923A}.Ad-Hoc|Mixed Platforms.ActiveCfg = Debug|Any CPU
		{34EB1793-B61F-4A28-B64D-B7575A78923A}.Ad-Hoc|Mixed Platforms.Build.0 = Debug|Any CPU
		{34EB1793-B61F-4A28-B64D-B7575A78923A}.Ad-Hoc|Mixed Platforms.Deploy.0 = Debug|Any CPU
		{34EB1793-B61F-4A28-B64D-B7575A78923A}.Ad-Hoc|x64.ActiveCfg = Debug|Any CPU
		{34EB1793-B61F-4A28-B64D-B7575A78923A}.Ad-Hoc|x64.Build.0 = Debug|Any CPU
		{34EB1793-B61F-4A28-B64D-B7575A78923A}.Ad-Hoc|x64.Deploy.0 = Debug|Any CPU
		{34EB1793-B61F-4A28-B64D-B7575A78923A}.Ad-Hoc|x86.ActiveCfg = Debug|Any CPU
		{34EB1793-B61F-4A28-B64D-B7575A78923A}.Ad-Hoc|x86.Build.0 = Debug|Any CPU
		{34EB1793-B61F-4A28-B64D-B7575A78923A}.Ad-Hoc|x86.Deploy.0 = Debug|Any CPU
		{34EB1793-B61F-4A28-B64D-B7575A78923A}.AppStore|Any CPU.ActiveCfg = Debug|Any CPU
		{34EB1793-B61F-4A28-B64D-B7575A78923A}.AppStore|Any CPU.Build.0 = Debug|Any CPU
		{34EB1793-B61F-4A28-B64D-B7575A78923A}.AppStore|Any CPU.Deploy.0 = Debug|Any CPU
		{34EB1793-B61F-4A28-B64D-B7575A78923A}.AppStore|ARM.ActiveCfg = Debug|Any CPU
		{34EB1793-B61F-4A28-B64D-B7575A78923A}.AppStore|ARM.Build.0 = Debug|Any CPU
		{34EB1793-B61F-4A28-B64D-B7575A78923A}.AppStore|ARM.Deploy.0 = Debug|Any CPU
		{34EB1793-B61F-4A28-B64D-B7575A78923A}.AppStore|iPhone.ActiveCfg = Debug|Any CPU
		{34EB1793-B61F-4A28-B64D-B7575A78923A}.AppStore|iPhone.Build.0 = Debug|Any CPU
		{34EB1793-B61F-4A28-B64D-B7575A78923A}.AppStore|iPhone.Deploy.0 = Debug|Any CPU
		{34EB1793-B61F-4A28-B64D-B7575A78923A}.AppStore|iPhoneSimulator.ActiveCfg = Debug|Any CPU
		{34EB1793-B61F-4A28-B64D-B7575A78923A}.AppStore|iPhoneSimulator.Build.0 = Debug|Any CPU
		{34EB1793-B61F-4A28-B64D-B7575A78923A}.AppStore|iPhoneSimulator.Deploy.0 = Debug|Any CPU
		{34EB1793-B61F-4A28-B64D-B7575A78923A}.AppStore|Mixed Platforms.ActiveCfg = Debug|Any CPU
		{34EB1793-B61F-4A28-B64D-B7575A78923A}.AppStore|Mixed Platforms.Build.0 = Debug|Any CPU
		{34EB1793-B61F-4A28-B64D-B7575A78923A}.AppStore|Mixed Platforms.Deploy.0 = Debug|Any CPU
		{34EB1793-B61F-4A28-B64D-B7575A78923A}.AppStore|x64.ActiveCfg = Debug|Any CPU
		{34EB1793-B61F-4A28-B64D-B7575A78923A}.AppStore|x64.Build.0 = Debug|Any CPU
		{34EB1793-B61F-4A28-B64D-B7575A78923A}.AppStore|x64.Deploy.0 = Debug|Any CPU
		{34EB1793-B61F-4A28-B64D-B7575A78923A}.AppStore|x86.ActiveCfg = Debug|Any CPU
		{34EB1793-B61F-4A28-B64D-B7575A78923A}.AppStore|x86.Build.0 = Debug|Any CPU
		{34EB1793-B61F-4A28-B64D-B7575A78923A}.AppStore|x86.Deploy.0 = Debug|Any CPU
		{34EB1793-B61F-4A28-B64D-B7575A78923A}.Debug|Any CPU.ActiveCfg = Debug|Any CPU
		{34EB1793-B61F-4A28-B64D-B7575A78923A}.Debug|Any CPU.Build.0 = Debug|Any CPU
		{34EB1793-B61F-4A28-B64D-B7575A78923A}.Debug|Any CPU.Deploy.0 = Debug|Any CPU
		{34EB1793-B61F-4A28-B64D-B7575A78923A}.Debug|ARM.ActiveCfg = Debug|Any CPU
		{34EB1793-B61F-4A28-B64D-B7575A78923A}.Debug|ARM.Build.0 = Debug|Any CPU
		{34EB1793-B61F-4A28-B64D-B7575A78923A}.Debug|ARM.Deploy.0 = Debug|Any CPU
		{34EB1793-B61F-4A28-B64D-B7575A78923A}.Debug|iPhone.ActiveCfg = Debug|Any CPU
		{34EB1793-B61F-4A28-B64D-B7575A78923A}.Debug|iPhone.Build.0 = Debug|Any CPU
		{34EB1793-B61F-4A28-B64D-B7575A78923A}.Debug|iPhone.Deploy.0 = Debug|Any CPU
		{34EB1793-B61F-4A28-B64D-B7575A78923A}.Debug|iPhoneSimulator.ActiveCfg = Debug|Any CPU
		{34EB1793-B61F-4A28-B64D-B7575A78923A}.Debug|iPhoneSimulator.Build.0 = Debug|Any CPU
		{34EB1793-B61F-4A28-B64D-B7575A78923A}.Debug|iPhoneSimulator.Deploy.0 = Debug|Any CPU
		{34EB1793-B61F-4A28-B64D-B7575A78923A}.Debug|Mixed Platforms.ActiveCfg = Debug|Any CPU
		{34EB1793-B61F-4A28-B64D-B7575A78923A}.Debug|Mixed Platforms.Build.0 = Debug|Any CPU
		{34EB1793-B61F-4A28-B64D-B7575A78923A}.Debug|Mixed Platforms.Deploy.0 = Debug|Any CPU
		{34EB1793-B61F-4A28-B64D-B7575A78923A}.Debug|x64.ActiveCfg = Debug|Any CPU
		{34EB1793-B61F-4A28-B64D-B7575A78923A}.Debug|x64.Build.0 = Debug|Any CPU
		{34EB1793-B61F-4A28-B64D-B7575A78923A}.Debug|x64.Deploy.0 = Debug|Any CPU
		{34EB1793-B61F-4A28-B64D-B7575A78923A}.Debug|x86.ActiveCfg = Debug|Any CPU
		{34EB1793-B61F-4A28-B64D-B7575A78923A}.Debug|x86.Build.0 = Debug|Any CPU
		{34EB1793-B61F-4A28-B64D-B7575A78923A}.Debug|x86.Deploy.0 = Debug|Any CPU
		{34EB1793-B61F-4A28-B64D-B7575A78923A}.Release|Any CPU.ActiveCfg = Release|Any CPU
		{34EB1793-B61F-4A28-B64D-B7575A78923A}.Release|Any CPU.Build.0 = Release|Any CPU
		{34EB1793-B61F-4A28-B64D-B7575A78923A}.Release|Any CPU.Deploy.0 = Release|Any CPU
		{34EB1793-B61F-4A28-B64D-B7575A78923A}.Release|ARM.ActiveCfg = Release|Any CPU
		{34EB1793-B61F-4A28-B64D-B7575A78923A}.Release|ARM.Build.0 = Release|Any CPU
		{34EB1793-B61F-4A28-B64D-B7575A78923A}.Release|ARM.Deploy.0 = Release|Any CPU
		{34EB1793-B61F-4A28-B64D-B7575A78923A}.Release|iPhone.ActiveCfg = Release|Any CPU
		{34EB1793-B61F-4A28-B64D-B7575A78923A}.Release|iPhone.Build.0 = Release|Any CPU
		{34EB1793-B61F-4A28-B64D-B7575A78923A}.Release|iPhone.Deploy.0 = Release|Any CPU
		{34EB1793-B61F-4A28-B64D-B7575A78923A}.Release|iPhoneSimulator.ActiveCfg = Release|Any CPU
		{34EB1793-B61F-4A28-B64D-B7575A78923A}.Release|iPhoneSimulator.Build.0 = Release|Any CPU
		{34EB1793-B61F-4A28-B64D-B7575A78923A}.Release|iPhoneSimulator.Deploy.0 = Release|Any CPU
		{34EB1793-B61F-4A28-B64D-B7575A78923A}.Release|Mixed Platforms.ActiveCfg = Release|Any CPU
		{34EB1793-B61F-4A28-B64D-B7575A78923A}.Release|Mixed Platforms.Build.0 = Release|Any CPU
		{34EB1793-B61F-4A28-B64D-B7575A78923A}.Release|Mixed Platforms.Deploy.0 = Release|Any CPU
		{34EB1793-B61F-4A28-B64D-B7575A78923A}.Release|x64.ActiveCfg = Release|Any CPU
		{34EB1793-B61F-4A28-B64D-B7575A78923A}.Release|x64.Build.0 = Release|Any CPU
		{34EB1793-B61F-4A28-B64D-B7575A78923A}.Release|x64.Deploy.0 = Release|Any CPU
		{34EB1793-B61F-4A28-B64D-B7575A78923A}.Release|x86.ActiveCfg = Release|Any CPU
		{34EB1793-B61F-4A28-B64D-B7575A78923A}.Release|x86.Build.0 = Release|Any CPU
		{34EB1793-B61F-4A28-B64D-B7575A78923A}.Release|x86.Deploy.0 = Release|Any CPU
		{770C2CB9-4E45-4521-9009-3703B5B39721}.Ad-Hoc|Any CPU.ActiveCfg = Debug|Any CPU
		{770C2CB9-4E45-4521-9009-3703B5B39721}.Ad-Hoc|Any CPU.Build.0 = Debug|Any CPU
		{770C2CB9-4E45-4521-9009-3703B5B39721}.Ad-Hoc|Any CPU.Deploy.0 = Debug|Any CPU
		{770C2CB9-4E45-4521-9009-3703B5B39721}.Ad-Hoc|ARM.ActiveCfg = Debug|Any CPU
		{770C2CB9-4E45-4521-9009-3703B5B39721}.Ad-Hoc|ARM.Build.0 = Debug|Any CPU
		{770C2CB9-4E45-4521-9009-3703B5B39721}.Ad-Hoc|ARM.Deploy.0 = Debug|Any CPU
		{770C2CB9-4E45-4521-9009-3703B5B39721}.Ad-Hoc|iPhone.ActiveCfg = Debug|Any CPU
		{770C2CB9-4E45-4521-9009-3703B5B39721}.Ad-Hoc|iPhone.Build.0 = Debug|Any CPU
		{770C2CB9-4E45-4521-9009-3703B5B39721}.Ad-Hoc|iPhone.Deploy.0 = Debug|Any CPU
		{770C2CB9-4E45-4521-9009-3703B5B39721}.Ad-Hoc|iPhoneSimulator.ActiveCfg = Debug|Any CPU
		{770C2CB9-4E45-4521-9009-3703B5B39721}.Ad-Hoc|iPhoneSimulator.Build.0 = Debug|Any CPU
		{770C2CB9-4E45-4521-9009-3703B5B39721}.Ad-Hoc|iPhoneSimulator.Deploy.0 = Debug|Any CPU
		{770C2CB9-4E45-4521-9009-3703B5B39721}.Ad-Hoc|Mixed Platforms.ActiveCfg = Debug|Any CPU
		{770C2CB9-4E45-4521-9009-3703B5B39721}.Ad-Hoc|Mixed Platforms.Build.0 = Debug|Any CPU
		{770C2CB9-4E45-4521-9009-3703B5B39721}.Ad-Hoc|Mixed Platforms.Deploy.0 = Debug|Any CPU
		{770C2CB9-4E45-4521-9009-3703B5B39721}.Ad-Hoc|x64.ActiveCfg = Debug|Any CPU
		{770C2CB9-4E45-4521-9009-3703B5B39721}.Ad-Hoc|x64.Build.0 = Debug|Any CPU
		{770C2CB9-4E45-4521-9009-3703B5B39721}.Ad-Hoc|x64.Deploy.0 = Debug|Any CPU
		{770C2CB9-4E45-4521-9009-3703B5B39721}.Ad-Hoc|x86.ActiveCfg = Debug|Any CPU
		{770C2CB9-4E45-4521-9009-3703B5B39721}.Ad-Hoc|x86.Build.0 = Debug|Any CPU
		{770C2CB9-4E45-4521-9009-3703B5B39721}.Ad-Hoc|x86.Deploy.0 = Debug|Any CPU
		{770C2CB9-4E45-4521-9009-3703B5B39721}.AppStore|Any CPU.ActiveCfg = Debug|Any CPU
		{770C2CB9-4E45-4521-9009-3703B5B39721}.AppStore|Any CPU.Build.0 = Debug|Any CPU
		{770C2CB9-4E45-4521-9009-3703B5B39721}.AppStore|Any CPU.Deploy.0 = Debug|Any CPU
		{770C2CB9-4E45-4521-9009-3703B5B39721}.AppStore|ARM.ActiveCfg = Debug|Any CPU
		{770C2CB9-4E45-4521-9009-3703B5B39721}.AppStore|ARM.Build.0 = Debug|Any CPU
		{770C2CB9-4E45-4521-9009-3703B5B39721}.AppStore|ARM.Deploy.0 = Debug|Any CPU
		{770C2CB9-4E45-4521-9009-3703B5B39721}.AppStore|iPhone.ActiveCfg = Debug|Any CPU
		{770C2CB9-4E45-4521-9009-3703B5B39721}.AppStore|iPhone.Build.0 = Debug|Any CPU
		{770C2CB9-4E45-4521-9009-3703B5B39721}.AppStore|iPhone.Deploy.0 = Debug|Any CPU
		{770C2CB9-4E45-4521-9009-3703B5B39721}.AppStore|iPhoneSimulator.ActiveCfg = Debug|Any CPU
		{770C2CB9-4E45-4521-9009-3703B5B39721}.AppStore|iPhoneSimulator.Build.0 = Debug|Any CPU
		{770C2CB9-4E45-4521-9009-3703B5B39721}.AppStore|iPhoneSimulator.Deploy.0 = Debug|Any CPU
		{770C2CB9-4E45-4521-9009-3703B5B39721}.AppStore|Mixed Platforms.ActiveCfg = Debug|Any CPU
		{770C2CB9-4E45-4521-9009-3703B5B39721}.AppStore|Mixed Platforms.Build.0 = Debug|Any CPU
		{770C2CB9-4E45-4521-9009-3703B5B39721}.AppStore|Mixed Platforms.Deploy.0 = Debug|Any CPU
		{770C2CB9-4E45-4521-9009-3703B5B39721}.AppStore|x64.ActiveCfg = Debug|Any CPU
		{770C2CB9-4E45-4521-9009-3703B5B39721}.AppStore|x64.Build.0 = Debug|Any CPU
		{770C2CB9-4E45-4521-9009-3703B5B39721}.AppStore|x64.Deploy.0 = Debug|Any CPU
		{770C2CB9-4E45-4521-9009-3703B5B39721}.AppStore|x86.ActiveCfg = Debug|Any CPU
		{770C2CB9-4E45-4521-9009-3703B5B39721}.AppStore|x86.Build.0 = Debug|Any CPU
		{770C2CB9-4E45-4521-9009-3703B5B39721}.AppStore|x86.Deploy.0 = Debug|Any CPU
		{770C2CB9-4E45-4521-9009-3703B5B39721}.Debug|Any CPU.ActiveCfg = Debug|Any CPU
		{770C2CB9-4E45-4521-9009-3703B5B39721}.Debug|Any CPU.Build.0 = Debug|Any CPU
		{770C2CB9-4E45-4521-9009-3703B5B39721}.Debug|Any CPU.Deploy.0 = Debug|Any CPU
		{770C2CB9-4E45-4521-9009-3703B5B39721}.Debug|ARM.ActiveCfg = Debug|Any CPU
		{770C2CB9-4E45-4521-9009-3703B5B39721}.Debug|ARM.Build.0 = Debug|Any CPU
		{770C2CB9-4E45-4521-9009-3703B5B39721}.Debug|ARM.Deploy.0 = Debug|Any CPU
		{770C2CB9-4E45-4521-9009-3703B5B39721}.Debug|iPhone.ActiveCfg = Debug|Any CPU
		{770C2CB9-4E45-4521-9009-3703B5B39721}.Debug|iPhone.Build.0 = Debug|Any CPU
		{770C2CB9-4E45-4521-9009-3703B5B39721}.Debug|iPhone.Deploy.0 = Debug|Any CPU
		{770C2CB9-4E45-4521-9009-3703B5B39721}.Debug|iPhoneSimulator.ActiveCfg = Debug|Any CPU
		{770C2CB9-4E45-4521-9009-3703B5B39721}.Debug|iPhoneSimulator.Build.0 = Debug|Any CPU
		{770C2CB9-4E45-4521-9009-3703B5B39721}.Debug|iPhoneSimulator.Deploy.0 = Debug|Any CPU
		{770C2CB9-4E45-4521-9009-3703B5B39721}.Debug|Mixed Platforms.ActiveCfg = Debug|Any CPU
		{770C2CB9-4E45-4521-9009-3703B5B39721}.Debug|Mixed Platforms.Build.0 = Debug|Any CPU
		{770C2CB9-4E45-4521-9009-3703B5B39721}.Debug|Mixed Platforms.Deploy.0 = Debug|Any CPU
		{770C2CB9-4E45-4521-9009-3703B5B39721}.Debug|x64.ActiveCfg = Debug|Any CPU
		{770C2CB9-4E45-4521-9009-3703B5B39721}.Debug|x64.Build.0 = Debug|Any CPU
		{770C2CB9-4E45-4521-9009-3703B5B39721}.Debug|x64.Deploy.0 = Debug|Any CPU
		{770C2CB9-4E45-4521-9009-3703B5B39721}.Debug|x86.ActiveCfg = Debug|Any CPU
		{770C2CB9-4E45-4521-9009-3703B5B39721}.Debug|x86.Build.0 = Debug|Any CPU
		{770C2CB9-4E45-4521-9009-3703B5B39721}.Debug|x86.Deploy.0 = Debug|Any CPU
		{770C2CB9-4E45-4521-9009-3703B5B39721}.Release|Any CPU.ActiveCfg = Release|Any CPU
		{770C2CB9-4E45-4521-9009-3703B5B39721}.Release|Any CPU.Build.0 = Release|Any CPU
		{770C2CB9-4E45-4521-9009-3703B5B39721}.Release|Any CPU.Deploy.0 = Release|Any CPU
		{770C2CB9-4E45-4521-9009-3703B5B39721}.Release|ARM.ActiveCfg = Release|Any CPU
		{770C2CB9-4E45-4521-9009-3703B5B39721}.Release|ARM.Build.0 = Release|Any CPU
		{770C2CB9-4E45-4521-9009-3703B5B39721}.Release|ARM.Deploy.0 = Release|Any CPU
		{770C2CB9-4E45-4521-9009-3703B5B39721}.Release|iPhone.ActiveCfg = Release|Any CPU
		{770C2CB9-4E45-4521-9009-3703B5B39721}.Release|iPhone.Build.0 = Release|Any CPU
		{770C2CB9-4E45-4521-9009-3703B5B39721}.Release|iPhone.Deploy.0 = Release|Any CPU
		{770C2CB9-4E45-4521-9009-3703B5B39721}.Release|iPhoneSimulator.ActiveCfg = Release|Any CPU
		{770C2CB9-4E45-4521-9009-3703B5B39721}.Release|iPhoneSimulator.Build.0 = Release|Any CPU
		{770C2CB9-4E45-4521-9009-3703B5B39721}.Release|iPhoneSimulator.Deploy.0 = Release|Any CPU
		{770C2CB9-4E45-4521-9009-3703B5B39721}.Release|Mixed Platforms.ActiveCfg = Release|Any CPU
		{770C2CB9-4E45-4521-9009-3703B5B39721}.Release|Mixed Platforms.Build.0 = Release|Any CPU
		{770C2CB9-4E45-4521-9009-3703B5B39721}.Release|Mixed Platforms.Deploy.0 = Release|Any CPU
		{770C2CB9-4E45-4521-9009-3703B5B39721}.Release|x64.ActiveCfg = Release|Any CPU
		{770C2CB9-4E45-4521-9009-3703B5B39721}.Release|x64.Build.0 = Release|Any CPU
		{770C2CB9-4E45-4521-9009-3703B5B39721}.Release|x64.Deploy.0 = Release|Any CPU
		{770C2CB9-4E45-4521-9009-3703B5B39721}.Release|x86.ActiveCfg = Release|Any CPU
		{770C2CB9-4E45-4521-9009-3703B5B39721}.Release|x86.Build.0 = Release|Any CPU
		{770C2CB9-4E45-4521-9009-3703B5B39721}.Release|x86.Deploy.0 = Release|Any CPU
		{AEBF89A6-2187-451C-86F3-58A00162C316}.Ad-Hoc|Any CPU.ActiveCfg = Debug|Any CPU
		{AEBF89A6-2187-451C-86F3-58A00162C316}.Ad-Hoc|Any CPU.Build.0 = Debug|Any CPU
		{AEBF89A6-2187-451C-86F3-58A00162C316}.Ad-Hoc|ARM.ActiveCfg = Debug|Any CPU
		{AEBF89A6-2187-451C-86F3-58A00162C316}.Ad-Hoc|ARM.Build.0 = Debug|Any CPU
		{AEBF89A6-2187-451C-86F3-58A00162C316}.Ad-Hoc|iPhone.ActiveCfg = Debug|Any CPU
		{AEBF89A6-2187-451C-86F3-58A00162C316}.Ad-Hoc|iPhone.Build.0 = Debug|Any CPU
		{AEBF89A6-2187-451C-86F3-58A00162C316}.Ad-Hoc|iPhoneSimulator.ActiveCfg = Debug|Any CPU
		{AEBF89A6-2187-451C-86F3-58A00162C316}.Ad-Hoc|iPhoneSimulator.Build.0 = Debug|Any CPU
		{AEBF89A6-2187-451C-86F3-58A00162C316}.Ad-Hoc|Mixed Platforms.ActiveCfg = Debug|Any CPU
		{AEBF89A6-2187-451C-86F3-58A00162C316}.Ad-Hoc|Mixed Platforms.Build.0 = Debug|Any CPU
		{AEBF89A6-2187-451C-86F3-58A00162C316}.Ad-Hoc|x64.ActiveCfg = Debug|Any CPU
		{AEBF89A6-2187-451C-86F3-58A00162C316}.Ad-Hoc|x64.Build.0 = Debug|Any CPU
		{AEBF89A6-2187-451C-86F3-58A00162C316}.Ad-Hoc|x86.ActiveCfg = Debug|Any CPU
		{AEBF89A6-2187-451C-86F3-58A00162C316}.Ad-Hoc|x86.Build.0 = Debug|Any CPU
		{AEBF89A6-2187-451C-86F3-58A00162C316}.AppStore|Any CPU.ActiveCfg = Debug|Any CPU
		{AEBF89A6-2187-451C-86F3-58A00162C316}.AppStore|Any CPU.Build.0 = Debug|Any CPU
		{AEBF89A6-2187-451C-86F3-58A00162C316}.AppStore|ARM.ActiveCfg = Debug|Any CPU
		{AEBF89A6-2187-451C-86F3-58A00162C316}.AppStore|ARM.Build.0 = Debug|Any CPU
		{AEBF89A6-2187-451C-86F3-58A00162C316}.AppStore|iPhone.ActiveCfg = Debug|Any CPU
		{AEBF89A6-2187-451C-86F3-58A00162C316}.AppStore|iPhone.Build.0 = Debug|Any CPU
		{AEBF89A6-2187-451C-86F3-58A00162C316}.AppStore|iPhoneSimulator.ActiveCfg = Debug|Any CPU
		{AEBF89A6-2187-451C-86F3-58A00162C316}.AppStore|iPhoneSimulator.Build.0 = Debug|Any CPU
		{AEBF89A6-2187-451C-86F3-58A00162C316}.AppStore|Mixed Platforms.ActiveCfg = Debug|Any CPU
		{AEBF89A6-2187-451C-86F3-58A00162C316}.AppStore|Mixed Platforms.Build.0 = Debug|Any CPU
		{AEBF89A6-2187-451C-86F3-58A00162C316}.AppStore|x64.ActiveCfg = Debug|Any CPU
		{AEBF89A6-2187-451C-86F3-58A00162C316}.AppStore|x64.Build.0 = Debug|Any CPU
		{AEBF89A6-2187-451C-86F3-58A00162C316}.AppStore|x86.ActiveCfg = Debug|Any CPU
		{AEBF89A6-2187-451C-86F3-58A00162C316}.AppStore|x86.Build.0 = Debug|Any CPU
		{AEBF89A6-2187-451C-86F3-58A00162C316}.Debug|Any CPU.ActiveCfg = Debug|Any CPU
		{AEBF89A6-2187-451C-86F3-58A00162C316}.Debug|Any CPU.Build.0 = Debug|Any CPU
		{AEBF89A6-2187-451C-86F3-58A00162C316}.Debug|ARM.ActiveCfg = Debug|Any CPU
		{AEBF89A6-2187-451C-86F3-58A00162C316}.Debug|ARM.Build.0 = Debug|Any CPU
		{AEBF89A6-2187-451C-86F3-58A00162C316}.Debug|iPhone.ActiveCfg = Debug|Any CPU
		{AEBF89A6-2187-451C-86F3-58A00162C316}.Debug|iPhone.Build.0 = Debug|Any CPU
		{AEBF89A6-2187-451C-86F3-58A00162C316}.Debug|iPhoneSimulator.ActiveCfg = Debug|Any CPU
		{AEBF89A6-2187-451C-86F3-58A00162C316}.Debug|iPhoneSimulator.Build.0 = Debug|Any CPU
		{AEBF89A6-2187-451C-86F3-58A00162C316}.Debug|Mixed Platforms.ActiveCfg = Debug|Any CPU
		{AEBF89A6-2187-451C-86F3-58A00162C316}.Debug|Mixed Platforms.Build.0 = Debug|Any CPU
		{AEBF89A6-2187-451C-86F3-58A00162C316}.Debug|x64.ActiveCfg = Debug|Any CPU
		{AEBF89A6-2187-451C-86F3-58A00162C316}.Debug|x64.Build.0 = Debug|Any CPU
		{AEBF89A6-2187-451C-86F3-58A00162C316}.Debug|x86.ActiveCfg = Debug|Any CPU
		{AEBF89A6-2187-451C-86F3-58A00162C316}.Debug|x86.Build.0 = Debug|Any CPU
		{AEBF89A6-2187-451C-86F3-58A00162C316}.Release|Any CPU.ActiveCfg = Release|Any CPU
		{AEBF89A6-2187-451C-86F3-58A00162C316}.Release|Any CPU.Build.0 = Release|Any CPU
		{AEBF89A6-2187-451C-86F3-58A00162C316}.Release|ARM.ActiveCfg = Release|Any CPU
		{AEBF89A6-2187-451C-86F3-58A00162C316}.Release|ARM.Build.0 = Release|Any CPU
		{AEBF89A6-2187-451C-86F3-58A00162C316}.Release|iPhone.ActiveCfg = Release|Any CPU
		{AEBF89A6-2187-451C-86F3-58A00162C316}.Release|iPhone.Build.0 = Release|Any CPU
		{AEBF89A6-2187-451C-86F3-58A00162C316}.Release|iPhoneSimulator.ActiveCfg = Release|Any CPU
		{AEBF89A6-2187-451C-86F3-58A00162C316}.Release|iPhoneSimulator.Build.0 = Release|Any CPU
		{AEBF89A6-2187-451C-86F3-58A00162C316}.Release|Mixed Platforms.ActiveCfg = Release|Any CPU
		{AEBF89A6-2187-451C-86F3-58A00162C316}.Release|Mixed Platforms.Build.0 = Release|Any CPU
		{AEBF89A6-2187-451C-86F3-58A00162C316}.Release|x64.ActiveCfg = Release|Any CPU
		{AEBF89A6-2187-451C-86F3-58A00162C316}.Release|x64.Build.0 = Release|Any CPU
		{AEBF89A6-2187-451C-86F3-58A00162C316}.Release|x86.ActiveCfg = Release|Any CPU
		{AEBF89A6-2187-451C-86F3-58A00162C316}.Release|x86.Build.0 = Release|Any CPU
		{C3AED2D0-D99E-4F1A-A0AD-63CB9E2E52C4}.Ad-Hoc|Any CPU.ActiveCfg = Debug|Any CPU
		{C3AED2D0-D99E-4F1A-A0AD-63CB9E2E52C4}.Ad-Hoc|Any CPU.Build.0 = Debug|Any CPU
		{C3AED2D0-D99E-4F1A-A0AD-63CB9E2E52C4}.Ad-Hoc|Any CPU.Deploy.0 = Debug|Any CPU
		{C3AED2D0-D99E-4F1A-A0AD-63CB9E2E52C4}.Ad-Hoc|ARM.ActiveCfg = Debug|Any CPU
		{C3AED2D0-D99E-4F1A-A0AD-63CB9E2E52C4}.Ad-Hoc|ARM.Build.0 = Debug|Any CPU
		{C3AED2D0-D99E-4F1A-A0AD-63CB9E2E52C4}.Ad-Hoc|ARM.Deploy.0 = Debug|Any CPU
		{C3AED2D0-D99E-4F1A-A0AD-63CB9E2E52C4}.Ad-Hoc|iPhone.ActiveCfg = Debug|Any CPU
		{C3AED2D0-D99E-4F1A-A0AD-63CB9E2E52C4}.Ad-Hoc|iPhone.Build.0 = Debug|Any CPU
		{C3AED2D0-D99E-4F1A-A0AD-63CB9E2E52C4}.Ad-Hoc|iPhone.Deploy.0 = Debug|Any CPU
		{C3AED2D0-D99E-4F1A-A0AD-63CB9E2E52C4}.Ad-Hoc|iPhoneSimulator.ActiveCfg = Debug|Any CPU
		{C3AED2D0-D99E-4F1A-A0AD-63CB9E2E52C4}.Ad-Hoc|iPhoneSimulator.Build.0 = Debug|Any CPU
		{C3AED2D0-D99E-4F1A-A0AD-63CB9E2E52C4}.Ad-Hoc|iPhoneSimulator.Deploy.0 = Debug|Any CPU
		{C3AED2D0-D99E-4F1A-A0AD-63CB9E2E52C4}.Ad-Hoc|Mixed Platforms.ActiveCfg = Debug|Any CPU
		{C3AED2D0-D99E-4F1A-A0AD-63CB9E2E52C4}.Ad-Hoc|Mixed Platforms.Build.0 = Debug|Any CPU
		{C3AED2D0-D99E-4F1A-A0AD-63CB9E2E52C4}.Ad-Hoc|Mixed Platforms.Deploy.0 = Debug|Any CPU
		{C3AED2D0-D99E-4F1A-A0AD-63CB9E2E52C4}.Ad-Hoc|x64.ActiveCfg = Debug|Any CPU
		{C3AED2D0-D99E-4F1A-A0AD-63CB9E2E52C4}.Ad-Hoc|x64.Build.0 = Debug|Any CPU
		{C3AED2D0-D99E-4F1A-A0AD-63CB9E2E52C4}.Ad-Hoc|x64.Deploy.0 = Debug|Any CPU
		{C3AED2D0-D99E-4F1A-A0AD-63CB9E2E52C4}.Ad-Hoc|x86.ActiveCfg = Debug|Any CPU
		{C3AED2D0-D99E-4F1A-A0AD-63CB9E2E52C4}.Ad-Hoc|x86.Build.0 = Debug|Any CPU
		{C3AED2D0-D99E-4F1A-A0AD-63CB9E2E52C4}.Ad-Hoc|x86.Deploy.0 = Debug|Any CPU
		{C3AED2D0-D99E-4F1A-A0AD-63CB9E2E52C4}.AppStore|Any CPU.ActiveCfg = Debug|Any CPU
		{C3AED2D0-D99E-4F1A-A0AD-63CB9E2E52C4}.AppStore|Any CPU.Build.0 = Debug|Any CPU
		{C3AED2D0-D99E-4F1A-A0AD-63CB9E2E52C4}.AppStore|Any CPU.Deploy.0 = Debug|Any CPU
		{C3AED2D0-D99E-4F1A-A0AD-63CB9E2E52C4}.AppStore|ARM.ActiveCfg = Debug|Any CPU
		{C3AED2D0-D99E-4F1A-A0AD-63CB9E2E52C4}.AppStore|ARM.Build.0 = Debug|Any CPU
		{C3AED2D0-D99E-4F1A-A0AD-63CB9E2E52C4}.AppStore|ARM.Deploy.0 = Debug|Any CPU
		{C3AED2D0-D99E-4F1A-A0AD-63CB9E2E52C4}.AppStore|iPhone.ActiveCfg = Debug|Any CPU
		{C3AED2D0-D99E-4F1A-A0AD-63CB9E2E52C4}.AppStore|iPhone.Build.0 = Debug|Any CPU
		{C3AED2D0-D99E-4F1A-A0AD-63CB9E2E52C4}.AppStore|iPhone.Deploy.0 = Debug|Any CPU
		{C3AED2D0-D99E-4F1A-A0AD-63CB9E2E52C4}.AppStore|iPhoneSimulator.ActiveCfg = Debug|Any CPU
		{C3AED2D0-D99E-4F1A-A0AD-63CB9E2E52C4}.AppStore|iPhoneSimulator.Build.0 = Debug|Any CPU
		{C3AED2D0-D99E-4F1A-A0AD-63CB9E2E52C4}.AppStore|iPhoneSimulator.Deploy.0 = Debug|Any CPU
		{C3AED2D0-D99E-4F1A-A0AD-63CB9E2E52C4}.AppStore|Mixed Platforms.ActiveCfg = Debug|Any CPU
		{C3AED2D0-D99E-4F1A-A0AD-63CB9E2E52C4}.AppStore|Mixed Platforms.Build.0 = Debug|Any CPU
		{C3AED2D0-D99E-4F1A-A0AD-63CB9E2E52C4}.AppStore|Mixed Platforms.Deploy.0 = Debug|Any CPU
		{C3AED2D0-D99E-4F1A-A0AD-63CB9E2E52C4}.AppStore|x64.ActiveCfg = Debug|Any CPU
		{C3AED2D0-D99E-4F1A-A0AD-63CB9E2E52C4}.AppStore|x64.Build.0 = Debug|Any CPU
		{C3AED2D0-D99E-4F1A-A0AD-63CB9E2E52C4}.AppStore|x64.Deploy.0 = Debug|Any CPU
		{C3AED2D0-D99E-4F1A-A0AD-63CB9E2E52C4}.AppStore|x86.ActiveCfg = Debug|Any CPU
		{C3AED2D0-D99E-4F1A-A0AD-63CB9E2E52C4}.AppStore|x86.Build.0 = Debug|Any CPU
		{C3AED2D0-D99E-4F1A-A0AD-63CB9E2E52C4}.AppStore|x86.Deploy.0 = Debug|Any CPU
		{C3AED2D0-D99E-4F1A-A0AD-63CB9E2E52C4}.Debug|Any CPU.ActiveCfg = Debug|Any CPU
		{C3AED2D0-D99E-4F1A-A0AD-63CB9E2E52C4}.Debug|Any CPU.Build.0 = Debug|Any CPU
		{C3AED2D0-D99E-4F1A-A0AD-63CB9E2E52C4}.Debug|Any CPU.Deploy.0 = Debug|Any CPU
		{C3AED2D0-D99E-4F1A-A0AD-63CB9E2E52C4}.Debug|ARM.ActiveCfg = Debug|Any CPU
		{C3AED2D0-D99E-4F1A-A0AD-63CB9E2E52C4}.Debug|ARM.Build.0 = Debug|Any CPU
		{C3AED2D0-D99E-4F1A-A0AD-63CB9E2E52C4}.Debug|ARM.Deploy.0 = Debug|Any CPU
		{C3AED2D0-D99E-4F1A-A0AD-63CB9E2E52C4}.Debug|iPhone.ActiveCfg = Debug|Any CPU
		{C3AED2D0-D99E-4F1A-A0AD-63CB9E2E52C4}.Debug|iPhone.Build.0 = Debug|Any CPU
		{C3AED2D0-D99E-4F1A-A0AD-63CB9E2E52C4}.Debug|iPhone.Deploy.0 = Debug|Any CPU
		{C3AED2D0-D99E-4F1A-A0AD-63CB9E2E52C4}.Debug|iPhoneSimulator.ActiveCfg = Debug|Any CPU
		{C3AED2D0-D99E-4F1A-A0AD-63CB9E2E52C4}.Debug|iPhoneSimulator.Build.0 = Debug|Any CPU
		{C3AED2D0-D99E-4F1A-A0AD-63CB9E2E52C4}.Debug|iPhoneSimulator.Deploy.0 = Debug|Any CPU
		{C3AED2D0-D99E-4F1A-A0AD-63CB9E2E52C4}.Debug|Mixed Platforms.ActiveCfg = Debug|Any CPU
		{C3AED2D0-D99E-4F1A-A0AD-63CB9E2E52C4}.Debug|Mixed Platforms.Build.0 = Debug|Any CPU
		{C3AED2D0-D99E-4F1A-A0AD-63CB9E2E52C4}.Debug|Mixed Platforms.Deploy.0 = Debug|Any CPU
		{C3AED2D0-D99E-4F1A-A0AD-63CB9E2E52C4}.Debug|x64.ActiveCfg = Debug|Any CPU
		{C3AED2D0-D99E-4F1A-A0AD-63CB9E2E52C4}.Debug|x64.Build.0 = Debug|Any CPU
		{C3AED2D0-D99E-4F1A-A0AD-63CB9E2E52C4}.Debug|x64.Deploy.0 = Debug|Any CPU
		{C3AED2D0-D99E-4F1A-A0AD-63CB9E2E52C4}.Debug|x86.ActiveCfg = Debug|Any CPU
		{C3AED2D0-D99E-4F1A-A0AD-63CB9E2E52C4}.Debug|x86.Build.0 = Debug|Any CPU
		{C3AED2D0-D99E-4F1A-A0AD-63CB9E2E52C4}.Debug|x86.Deploy.0 = Debug|Any CPU
		{C3AED2D0-D99E-4F1A-A0AD-63CB9E2E52C4}.Release|Any CPU.ActiveCfg = Release|Any CPU
		{C3AED2D0-D99E-4F1A-A0AD-63CB9E2E52C4}.Release|Any CPU.Build.0 = Release|Any CPU
		{C3AED2D0-D99E-4F1A-A0AD-63CB9E2E52C4}.Release|Any CPU.Deploy.0 = Release|Any CPU
		{C3AED2D0-D99E-4F1A-A0AD-63CB9E2E52C4}.Release|ARM.ActiveCfg = Release|Any CPU
		{C3AED2D0-D99E-4F1A-A0AD-63CB9E2E52C4}.Release|ARM.Build.0 = Release|Any CPU
		{C3AED2D0-D99E-4F1A-A0AD-63CB9E2E52C4}.Release|ARM.Deploy.0 = Release|Any CPU
		{C3AED2D0-D99E-4F1A-A0AD-63CB9E2E52C4}.Release|iPhone.ActiveCfg = Release|Any CPU
		{C3AED2D0-D99E-4F1A-A0AD-63CB9E2E52C4}.Release|iPhone.Build.0 = Release|Any CPU
		{C3AED2D0-D99E-4F1A-A0AD-63CB9E2E52C4}.Release|iPhone.Deploy.0 = Release|Any CPU
		{C3AED2D0-D99E-4F1A-A0AD-63CB9E2E52C4}.Release|iPhoneSimulator.ActiveCfg = Release|Any CPU
		{C3AED2D0-D99E-4F1A-A0AD-63CB9E2E52C4}.Release|iPhoneSimulator.Build.0 = Release|Any CPU
		{C3AED2D0-D99E-4F1A-A0AD-63CB9E2E52C4}.Release|iPhoneSimulator.Deploy.0 = Release|Any CPU
		{C3AED2D0-D99E-4F1A-A0AD-63CB9E2E52C4}.Release|Mixed Platforms.ActiveCfg = Release|Any CPU
		{C3AED2D0-D99E-4F1A-A0AD-63CB9E2E52C4}.Release|Mixed Platforms.Build.0 = Release|Any CPU
		{C3AED2D0-D99E-4F1A-A0AD-63CB9E2E52C4}.Release|Mixed Platforms.Deploy.0 = Release|Any CPU
		{C3AED2D0-D99E-4F1A-A0AD-63CB9E2E52C4}.Release|x64.ActiveCfg = Release|Any CPU
		{C3AED2D0-D99E-4F1A-A0AD-63CB9E2E52C4}.Release|x64.Build.0 = Release|Any CPU
		{C3AED2D0-D99E-4F1A-A0AD-63CB9E2E52C4}.Release|x64.Deploy.0 = Release|Any CPU
		{C3AED2D0-D99E-4F1A-A0AD-63CB9E2E52C4}.Release|x86.ActiveCfg = Release|Any CPU
		{C3AED2D0-D99E-4F1A-A0AD-63CB9E2E52C4}.Release|x86.Build.0 = Release|Any CPU
		{C3AED2D0-D99E-4F1A-A0AD-63CB9E2E52C4}.Release|x86.Deploy.0 = Release|Any CPU
		{6552F8A4-ABA8-43B7-BAAB-1CF3E59C6B16}.Ad-Hoc|Any CPU.ActiveCfg = Debug|Any CPU
		{6552F8A4-ABA8-43B7-BAAB-1CF3E59C6B16}.Ad-Hoc|Any CPU.Build.0 = Debug|Any CPU
		{6552F8A4-ABA8-43B7-BAAB-1CF3E59C6B16}.Ad-Hoc|ARM.ActiveCfg = Debug|Any CPU
		{6552F8A4-ABA8-43B7-BAAB-1CF3E59C6B16}.Ad-Hoc|ARM.Build.0 = Debug|Any CPU
		{6552F8A4-ABA8-43B7-BAAB-1CF3E59C6B16}.Ad-Hoc|iPhone.ActiveCfg = Debug|Any CPU
		{6552F8A4-ABA8-43B7-BAAB-1CF3E59C6B16}.Ad-Hoc|iPhone.Build.0 = Debug|Any CPU
		{6552F8A4-ABA8-43B7-BAAB-1CF3E59C6B16}.Ad-Hoc|iPhoneSimulator.ActiveCfg = Debug|Any CPU
		{6552F8A4-ABA8-43B7-BAAB-1CF3E59C6B16}.Ad-Hoc|iPhoneSimulator.Build.0 = Debug|Any CPU
		{6552F8A4-ABA8-43B7-BAAB-1CF3E59C6B16}.Ad-Hoc|Mixed Platforms.ActiveCfg = Debug|Any CPU
		{6552F8A4-ABA8-43B7-BAAB-1CF3E59C6B16}.Ad-Hoc|Mixed Platforms.Build.0 = Debug|Any CPU
		{6552F8A4-ABA8-43B7-BAAB-1CF3E59C6B16}.Ad-Hoc|x64.ActiveCfg = Debug|Any CPU
		{6552F8A4-ABA8-43B7-BAAB-1CF3E59C6B16}.Ad-Hoc|x64.Build.0 = Debug|Any CPU
		{6552F8A4-ABA8-43B7-BAAB-1CF3E59C6B16}.Ad-Hoc|x86.ActiveCfg = Debug|Any CPU
		{6552F8A4-ABA8-43B7-BAAB-1CF3E59C6B16}.Ad-Hoc|x86.Build.0 = Debug|Any CPU
		{6552F8A4-ABA8-43B7-BAAB-1CF3E59C6B16}.AppStore|Any CPU.ActiveCfg = Debug|Any CPU
		{6552F8A4-ABA8-43B7-BAAB-1CF3E59C6B16}.AppStore|Any CPU.Build.0 = Debug|Any CPU
		{6552F8A4-ABA8-43B7-BAAB-1CF3E59C6B16}.AppStore|ARM.ActiveCfg = Debug|Any CPU
		{6552F8A4-ABA8-43B7-BAAB-1CF3E59C6B16}.AppStore|ARM.Build.0 = Debug|Any CPU
		{6552F8A4-ABA8-43B7-BAAB-1CF3E59C6B16}.AppStore|iPhone.ActiveCfg = Debug|Any CPU
		{6552F8A4-ABA8-43B7-BAAB-1CF3E59C6B16}.AppStore|iPhone.Build.0 = Debug|Any CPU
		{6552F8A4-ABA8-43B7-BAAB-1CF3E59C6B16}.AppStore|iPhoneSimulator.ActiveCfg = Debug|Any CPU
		{6552F8A4-ABA8-43B7-BAAB-1CF3E59C6B16}.AppStore|iPhoneSimulator.Build.0 = Debug|Any CPU
		{6552F8A4-ABA8-43B7-BAAB-1CF3E59C6B16}.AppStore|Mixed Platforms.ActiveCfg = Debug|Any CPU
		{6552F8A4-ABA8-43B7-BAAB-1CF3E59C6B16}.AppStore|Mixed Platforms.Build.0 = Debug|Any CPU
		{6552F8A4-ABA8-43B7-BAAB-1CF3E59C6B16}.AppStore|x64.ActiveCfg = Debug|Any CPU
		{6552F8A4-ABA8-43B7-BAAB-1CF3E59C6B16}.AppStore|x64.Build.0 = Debug|Any CPU
		{6552F8A4-ABA8-43B7-BAAB-1CF3E59C6B16}.AppStore|x86.ActiveCfg = Debug|Any CPU
		{6552F8A4-ABA8-43B7-BAAB-1CF3E59C6B16}.AppStore|x86.Build.0 = Debug|Any CPU
		{6552F8A4-ABA8-43B7-BAAB-1CF3E59C6B16}.Debug|Any CPU.ActiveCfg = Debug|Any CPU
		{6552F8A4-ABA8-43B7-BAAB-1CF3E59C6B16}.Debug|Any CPU.Build.0 = Debug|Any CPU
		{6552F8A4-ABA8-43B7-BAAB-1CF3E59C6B16}.Debug|ARM.ActiveCfg = Debug|Any CPU
		{6552F8A4-ABA8-43B7-BAAB-1CF3E59C6B16}.Debug|ARM.Build.0 = Debug|Any CPU
		{6552F8A4-ABA8-43B7-BAAB-1CF3E59C6B16}.Debug|iPhone.ActiveCfg = Debug|Any CPU
		{6552F8A4-ABA8-43B7-BAAB-1CF3E59C6B16}.Debug|iPhone.Build.0 = Debug|Any CPU
		{6552F8A4-ABA8-43B7-BAAB-1CF3E59C6B16}.Debug|iPhoneSimulator.ActiveCfg = Debug|Any CPU
		{6552F8A4-ABA8-43B7-BAAB-1CF3E59C6B16}.Debug|iPhoneSimulator.Build.0 = Debug|Any CPU
		{6552F8A4-ABA8-43B7-BAAB-1CF3E59C6B16}.Debug|Mixed Platforms.ActiveCfg = Debug|Any CPU
		{6552F8A4-ABA8-43B7-BAAB-1CF3E59C6B16}.Debug|Mixed Platforms.Build.0 = Debug|Any CPU
		{6552F8A4-ABA8-43B7-BAAB-1CF3E59C6B16}.Debug|x64.ActiveCfg = Debug|Any CPU
		{6552F8A4-ABA8-43B7-BAAB-1CF3E59C6B16}.Debug|x64.Build.0 = Debug|Any CPU
		{6552F8A4-ABA8-43B7-BAAB-1CF3E59C6B16}.Debug|x86.ActiveCfg = Debug|Any CPU
		{6552F8A4-ABA8-43B7-BAAB-1CF3E59C6B16}.Debug|x86.Build.0 = Debug|Any CPU
		{6552F8A4-ABA8-43B7-BAAB-1CF3E59C6B16}.Release|Any CPU.ActiveCfg = Release|Any CPU
		{6552F8A4-ABA8-43B7-BAAB-1CF3E59C6B16}.Release|Any CPU.Build.0 = Release|Any CPU
		{6552F8A4-ABA8-43B7-BAAB-1CF3E59C6B16}.Release|ARM.ActiveCfg = Release|Any CPU
		{6552F8A4-ABA8-43B7-BAAB-1CF3E59C6B16}.Release|ARM.Build.0 = Release|Any CPU
		{6552F8A4-ABA8-43B7-BAAB-1CF3E59C6B16}.Release|iPhone.ActiveCfg = Release|Any CPU
		{6552F8A4-ABA8-43B7-BAAB-1CF3E59C6B16}.Release|iPhone.Build.0 = Release|Any CPU
		{6552F8A4-ABA8-43B7-BAAB-1CF3E59C6B16}.Release|iPhoneSimulator.ActiveCfg = Release|Any CPU
		{6552F8A4-ABA8-43B7-BAAB-1CF3E59C6B16}.Release|iPhoneSimulator.Build.0 = Release|Any CPU
		{6552F8A4-ABA8-43B7-BAAB-1CF3E59C6B16}.Release|Mixed Platforms.ActiveCfg = Release|Any CPU
		{6552F8A4-ABA8-43B7-BAAB-1CF3E59C6B16}.Release|Mixed Platforms.Build.0 = Release|Any CPU
		{6552F8A4-ABA8-43B7-BAAB-1CF3E59C6B16}.Release|x64.ActiveCfg = Release|Any CPU
		{6552F8A4-ABA8-43B7-BAAB-1CF3E59C6B16}.Release|x64.Build.0 = Release|Any CPU
		{6552F8A4-ABA8-43B7-BAAB-1CF3E59C6B16}.Release|x86.ActiveCfg = Release|Any CPU
		{6552F8A4-ABA8-43B7-BAAB-1CF3E59C6B16}.Release|x86.Build.0 = Release|Any CPU
	EndGlobalSection
	GlobalSection(SolutionProperties) = preSolution
		HideSolutionNode = FALSE
	EndGlobalSection
	GlobalSection(NestedProjects) = preSolution
		{BE243CF3-B20F-420C-90BC-78655F8573FF} = {94E6F794-49E6-426F-B448-1E92A01C23BE}
		{D0A61D30-2CED-4A10-99A0-CD9CDB6D5FBC} = {94E6F794-49E6-426F-B448-1E92A01C23BE}
		{94BEB249-66B8-4C84-AE78-C34BE3FA094D} = {94E6F794-49E6-426F-B448-1E92A01C23BE}
		{E6EFB644-E20D-463E-81CA-3D6323710435} = {8528ED20-DA06-4235-938C-6E7F0904B7C5}
		{849010F0-0314-4BBF-B75F-24036DABB596} = {57B1E228-EBD6-4580-B013-7698050F8A58}
		{34EB1793-B61F-4A28-B64D-B7575A78923A} = {57B1E228-EBD6-4580-B013-7698050F8A58}
		{770C2CB9-4E45-4521-9009-3703B5B39721} = {62EB1068-EDAF-458F-AE41-4558AC7607A5}
		{AEBF89A6-2187-451C-86F3-58A00162C316} = {62EB1068-EDAF-458F-AE41-4558AC7607A5}
		{C3AED2D0-D99E-4F1A-A0AD-63CB9E2E52C4} = {62EB1068-EDAF-458F-AE41-4558AC7607A5}
		{6552F8A4-ABA8-43B7-BAAB-1CF3E59C6B16} = {62EB1068-EDAF-458F-AE41-4558AC7607A5}
	EndGlobalSection
	GlobalSection(ExtensibilityGlobals) = postSolution
		SolutionGuid = {509A85F0-1266-456A-8D31-81146E5FA4EE}
	EndGlobalSection
EndGlobal
